// !$*UTF8*$!
{
	archiveVersion = 1;
	classes = {
	};
	objectVersion = 46;
	objects = {

/* Begin PBXBuildFile section */
		0425D1F21E5FD74900F759B7 /* main.m in Sources */ = {isa = PBXBuildFile; fileRef = 0425D1F11E5FD74900F759B7 /* main.m */; };
		0425D1F51E5FD74900F759B7 /* AppDelegate.m in Sources */ = {isa = PBXBuildFile; fileRef = 0425D1F41E5FD74900F759B7 /* AppDelegate.m */; };
		0425D1FB1E5FD74900F759B7 /* Main.storyboard in Resources */ = {isa = PBXBuildFile; fileRef = 0425D1F91E5FD74900F759B7 /* Main.storyboard */; };
		0425D1FD1E5FD74900F759B7 /* Assets.xcassets in Resources */ = {isa = PBXBuildFile; fileRef = 0425D1FC1E5FD74900F759B7 /* Assets.xcassets */; };
		0425D2001E5FD74900F759B7 /* LaunchScreen.storyboard in Resources */ = {isa = PBXBuildFile; fileRef = 0425D1FE1E5FD74900F759B7 /* LaunchScreen.storyboard */; };
		0425D20B1E5FD74900F759B7 /* LivDownloadTests.m in Sources */ = {isa = PBXBuildFile; fileRef = 0425D20A1E5FD74900F759B7 /* LivDownloadTests.m */; };
		04360DAC1E8CB1BD00C40166 /* NSObject+PYThemeExtension.m in Sources */ = {isa = PBXBuildFile; fileRef = 04360DA51E8CB1BD00C40166 /* NSObject+PYThemeExtension.m */; };
		04360DAD1E8CB1BD00C40166 /* UIImage+JMImage.m in Sources */ = {isa = PBXBuildFile; fileRef = 04360DA71E8CB1BD00C40166 /* UIImage+JMImage.m */; };
		04360DAE1E8CB1BD00C40166 /* UIImage+MetaImage.m in Sources */ = {isa = PBXBuildFile; fileRef = 04360DA91E8CB1BD00C40166 /* UIImage+MetaImage.m */; };
		04360DAF1E8CB1BD00C40166 /* UIView+Extension.m in Sources */ = {isa = PBXBuildFile; fileRef = 04360DAB1E8CB1BD00C40166 /* UIView+Extension.m */; };
		04360DE01E8CB1C600C40166 /* Icon.swift in Sources */ = {isa = PBXBuildFile; fileRef = 04360DC31E8CB1C600C40166 /* Icon.swift */; };
		04360DE11E8CB1C600C40166 /* Sicon.swift in Sources */ = {isa = PBXBuildFile; fileRef = 04360DC41E8CB1C600C40166 /* Sicon.swift */; };
		04360DE21E8CB1C600C40166 /* SiconExt.swift in Sources */ = {isa = PBXBuildFile; fileRef = 04360DC51E8CB1C600C40166 /* SiconExt.swift */; };
		04360DE31E8CB1C600C40166 /* PageProperty.swift in Sources */ = {isa = PBXBuildFile; fileRef = 04360DC61E8CB1C600C40166 /* PageProperty.swift */; };
		04360DE41E8CB1C600C40166 /* Path.swift in Sources */ = {isa = PBXBuildFile; fileRef = 04360DC81E8CB1C600C40166 /* Path.swift */; };
		04360DE51E8CB1C600C40166 /* Point.swift in Sources */ = {isa = PBXBuildFile; fileRef = 04360DC91E8CB1C600C40166 /* Point.swift */; };
		04360DE61E8CB1C600C40166 /* Polyline.swift in Sources */ = {isa = PBXBuildFile; fileRef = 04360DCA1E8CB1C600C40166 /* Polyline.swift */; };
		04360DE71E8CB1C600C40166 /* Properties.swift in Sources */ = {isa = PBXBuildFile; fileRef = 04360DCB1E8CB1C600C40166 /* Properties.swift */; };
		04360DE81E8CB1C600C40166 /* ScaleRatio.swift in Sources */ = {isa = PBXBuildFile; fileRef = 04360DCC1E8CB1C600C40166 /* ScaleRatio.swift */; };
		04360DE91E8CB1C600C40166 /* Stext.swift in Sources */ = {isa = PBXBuildFile; fileRef = 04360DCE1E8CB1C600C40166 /* Stext.swift */; };
		04360DEA1E8CB1C600C40166 /* StextExt.swift in Sources */ = {isa = PBXBuildFile; fileRef = 04360DCF1E8CB1C600C40166 /* StextExt.swift */; };
		04360DEB1E8CB1C600C40166 /* Text.swift in Sources */ = {isa = PBXBuildFile; fileRef = 04360DD01E8CB1C600C40166 /* Text.swift */; };
		04360DEC1E8CB1C600C40166 /* LivePlaybackDelegate.swift in Sources */ = {isa = PBXBuildFile; fileRef = 04360DD21E8CB1C600C40166 /* LivePlaybackDelegate.swift */; };
		04360DED1E8CB1C600C40166 /* LivePlaybackReader.swift in Sources */ = {isa = PBXBuildFile; fileRef = 04360DD31E8CB1C600C40166 /* LivePlaybackReader.swift */; };
		04360DEE1E8CB1C600C40166 /* LivePlaybackViewController.swift in Sources */ = {isa = PBXBuildFile; fileRef = 04360DD41E8CB1C600C40166 /* LivePlaybackViewController.swift */; };
		04360DEF1E8CB1C600C40166 /* PageView.swift in Sources */ = {isa = PBXBuildFile; fileRef = 04360DD51E8CB1C600C40166 /* PageView.swift */; };
		04360DF01E8CB1C600C40166 /* PageViewController.swift in Sources */ = {isa = PBXBuildFile; fileRef = 04360DD61E8CB1C600C40166 /* PageViewController.swift */; };
		04360DF11E8CB1C600C40166 /* ViewDrawer.swift in Sources */ = {isa = PBXBuildFile; fileRef = 04360DD81E8CB1C600C40166 /* ViewDrawer.swift */; };
		04360DF21E8CB1C600C40166 /* WebsocketMessageUIDelegate.swift in Sources */ = {isa = PBXBuildFile; fileRef = 04360DD91E8CB1C600C40166 /* WebsocketMessageUIDelegate.swift */; };
		04360E3B1E8CB1D000C40166 /* AFHTTPSessionManager.m in Sources */ = {isa = PBXBuildFile; fileRef = 04360DF61E8CB1D000C40166 /* AFHTTPSessionManager.m */; };
		04360E3C1E8CB1D000C40166 /* AFNetworkReachabilityManager.m in Sources */ = {isa = PBXBuildFile; fileRef = 04360DF91E8CB1D000C40166 /* AFNetworkReachabilityManager.m */; };
		04360E3D1E8CB1D000C40166 /* AFSecurityPolicy.m in Sources */ = {isa = PBXBuildFile; fileRef = 04360DFB1E8CB1D000C40166 /* AFSecurityPolicy.m */; };
		04360E3E1E8CB1D000C40166 /* AFURLRequestSerialization.m in Sources */ = {isa = PBXBuildFile; fileRef = 04360DFD1E8CB1D000C40166 /* AFURLRequestSerialization.m */; };
		04360E3F1E8CB1D000C40166 /* AFURLResponseSerialization.m in Sources */ = {isa = PBXBuildFile; fileRef = 04360DFF1E8CB1D000C40166 /* AFURLResponseSerialization.m */; };
		04360E401E8CB1D000C40166 /* AFURLSessionManager.m in Sources */ = {isa = PBXBuildFile; fileRef = 04360E011E8CB1D000C40166 /* AFURLSessionManager.m */; };
		04360E411E8CB1D000C40166 /* OPAudioMangerTool.m in Sources */ = {isa = PBXBuildFile; fileRef = 04360E051E8CB1D000C40166 /* OPAudioMangerTool.m */; };
		04360E421E8CB1D000C40166 /* OPAVPlayer.m in Sources */ = {isa = PBXBuildFile; fileRef = 04360E071E8CB1D000C40166 /* OPAVPlayer.m */; };
		04360E431E8CB1D000C40166 /* Decoder.swift in Sources */ = {isa = PBXBuildFile; fileRef = 04360E091E8CB1D000C40166 /* Decoder.swift */; };
		04360E441E8CB1D000C40166 /* Encoder.swift in Sources */ = {isa = PBXBuildFile; fileRef = 04360E0A1E8CB1D000C40166 /* Encoder.swift */; };
		04360E451E8CB1D000C40166 /* ExtensionArray.swift in Sources */ = {isa = PBXBuildFile; fileRef = 04360E0B1E8CB1D000C40166 /* ExtensionArray.swift */; };
		04360E461E8CB1D000C40166 /* ExtensionDictionary.swift in Sources */ = {isa = PBXBuildFile; fileRef = 04360E0C1E8CB1D000C40166 /* ExtensionDictionary.swift */; };
		04360E471E8CB1D000C40166 /* Gloss.swift in Sources */ = {isa = PBXBuildFile; fileRef = 04360E0E1E8CB1D000C40166 /* Gloss.swift */; };
		04360E481E8CB1D000C40166 /* Info.plist in Resources */ = {isa = PBXBuildFile; fileRef = 04360E0F1E8CB1D000C40166 /* Info.plist */; };
		04360E491E8CB1D000C40166 /* Operators.swift in Sources */ = {isa = PBXBuildFile; fileRef = 04360E101E8CB1D000C40166 /* Operators.swift */; };
		04360E4A1E8CB1D000C40166 /* MASCompositeConstraint.m in Sources */ = {isa = PBXBuildFile; fileRef = 04360E131E8CB1D000C40166 /* MASCompositeConstraint.m */; };
		04360E4B1E8CB1D000C40166 /* MASConstraint.m in Sources */ = {isa = PBXBuildFile; fileRef = 04360E161E8CB1D000C40166 /* MASConstraint.m */; };
		04360E4C1E8CB1D000C40166 /* MASConstraintMaker.m in Sources */ = {isa = PBXBuildFile; fileRef = 04360E181E8CB1D000C40166 /* MASConstraintMaker.m */; };
		04360E4D1E8CB1D000C40166 /* MASLayoutConstraint.m in Sources */ = {isa = PBXBuildFile; fileRef = 04360E1A1E8CB1D000C40166 /* MASLayoutConstraint.m */; };
		04360E4E1E8CB1D000C40166 /* MASViewAttribute.m in Sources */ = {isa = PBXBuildFile; fileRef = 04360E1E1E8CB1D000C40166 /* MASViewAttribute.m */; };
		04360E4F1E8CB1D000C40166 /* MASViewConstraint.m in Sources */ = {isa = PBXBuildFile; fileRef = 04360E201E8CB1D000C40166 /* MASViewConstraint.m */; };
		04360E501E8CB1D000C40166 /* NSArray+MASAdditions.m in Sources */ = {isa = PBXBuildFile; fileRef = 04360E221E8CB1D000C40166 /* NSArray+MASAdditions.m */; };
		04360E511E8CB1D000C40166 /* NSLayoutConstraint+MASDebugAdditions.m in Sources */ = {isa = PBXBuildFile; fileRef = 04360E251E8CB1D000C40166 /* NSLayoutConstraint+MASDebugAdditions.m */; };
		04360E521E8CB1D000C40166 /* View+MASAdditions.m in Sources */ = {isa = PBXBuildFile; fileRef = 04360E271E8CB1D000C40166 /* View+MASAdditions.m */; };
		04360E531E8CB1D000C40166 /* ViewController+MASAdditions.m in Sources */ = {isa = PBXBuildFile; fileRef = 04360E2A1E8CB1D000C40166 /* ViewController+MASAdditions.m */; };
		04360E541E8CB1D000C40166 /* AnnotationLayerDelegate.m in Sources */ = {isa = PBXBuildFile; fileRef = 04360E2D1E8CB1D000C40166 /* AnnotationLayerDelegate.m */; };
		04360E551E8CB1D000C40166 /* SingleFingerDragDisabledUIView.m in Sources */ = {isa = PBXBuildFile; fileRef = 04360E2F1E8CB1D000C40166 /* SingleFingerDragDisabledUIView.m */; };
		04360E561E8CB1D000C40166 /* DIYButton.m in Sources */ = {isa = PBXBuildFile; fileRef = 04360E321E8CB1D000C40166 /* DIYButton.m */; };
		04360E571E8CB1D000C40166 /* OPMediaManger.m in Sources */ = {isa = PBXBuildFile; fileRef = 04360E341E8CB1D000C40166 /* OPMediaManger.m */; };
		04360E581E8CB1D000C40166 /* OPVideoPlayer.m in Sources */ = {isa = PBXBuildFile; fileRef = 04360E361E8CB1D000C40166 /* OPVideoPlayer.m */; };
		04360E591E8CB1D000C40166 /* OPVideoVC.m in Sources */ = {isa = PBXBuildFile; fileRef = 04360E381E8CB1D000C40166 /* OPVideoVC.m */; };
		04360E5A1E8CB1D000C40166 /* Slider.m in Sources */ = {isa = PBXBuildFile; fileRef = 04360E3A1E8CB1D000C40166 /* Slider.m */; };
		04360E631E8CB1D800C40166 /* Constants.swift in Sources */ = {isa = PBXBuildFile; fileRef = 04360E5C1E8CB1D800C40166 /* Constants.swift */; };
		04360E641E8CB1D800C40166 /* DrawingToolFactory.swift in Sources */ = {isa = PBXBuildFile; fileRef = 04360E5D1E8CB1D800C40166 /* DrawingToolFactory.swift */; };
		04360E651E8CB1D800C40166 /* FileManager.swift in Sources */ = {isa = PBXBuildFile; fileRef = 04360E5E1E8CB1D800C40166 /* FileManager.swift */; };
		04360E661E8CB1D800C40166 /* LivDownloadHelper.m in Sources */ = {isa = PBXBuildFile; fileRef = 04360E611E8CB1D800C40166 /* LivDownloadHelper.m */; };
		04360E671E8CB1D800C40166 /* UIUtils.swift in Sources */ = {isa = PBXBuildFile; fileRef = 04360E621E8CB1D800C40166 /* UIUtils.swift */; };
		04360E6A1E8CB3F100C40166 /* PageShareBridgingUtils.m in Sources */ = {isa = PBXBuildFile; fileRef = 04360E691E8CB3F100C40166 /* PageShareBridgingUtils.m */; };
		04360EAE1E8CB4D400C40166 /* DownloadController.m in Sources */ = {isa = PBXBuildFile; fileRef = 04360E6F1E8CB4D400C40166 /* DownloadController.m */; };
		04360EAF1E8CB4D400C40166 /* LivViewController.m in Sources */ = {isa = PBXBuildFile; fileRef = 04360E711E8CB4D400C40166 /* LivViewController.m */; };
		04360EB01E8CB4D400C40166 /* DownloadModel.m in Sources */ = {isa = PBXBuildFile; fileRef = 04360E741E8CB4D400C40166 /* DownloadModel.m */; };
		04360EB11E8CB4D400C40166 /* DownloadCell.m in Sources */ = {isa = PBXBuildFile; fileRef = 04360E771E8CB4D400C40166 /* DownloadCell.m */; };
		04360EB21E8CB4D400C40166 /* DownloadCompleteCell.m in Sources */ = {isa = PBXBuildFile; fileRef = 04360E791E8CB4D400C40166 /* DownloadCompleteCell.m */; };
		04360EB31E8CB4D400C40166 /* SegmentControl.m in Sources */ = {isa = PBXBuildFile; fileRef = 04360E7B1E8CB4D400C40166 /* SegmentControl.m */; };
		04360EB71E8CB4D400C40166 /* JMDrawController.m in Sources */ = {isa = PBXBuildFile; fileRef = 04360E861E8CB4D400C40166 /* JMDrawController.m */; };
		04360EBF1E8CB4D400C40166 /* HomeController.m in Sources */ = {isa = PBXBuildFile; fileRef = 04360E9A1E8CB4D400C40166 /* HomeController.m */; };
		04360EC01E8CB4D400C40166 /* DownloadNavController.m in Sources */ = {isa = PBXBuildFile; fileRef = 04360E9E1E8CB4D400C40166 /* DownloadNavController.m */; };
		04360EC11E8CB4D400C40166 /* ViewController.m in Sources */ = {isa = PBXBuildFile; fileRef = 04360EA01E8CB4D400C40166 /* ViewController.m */; };
		04360EC21E8CB4D400C40166 /* DownloadTabbar.m in Sources */ = {isa = PBXBuildFile; fileRef = 04360EA31E8CB4D400C40166 /* DownloadTabbar.m */; };
		04360EC31E8CB4D400C40166 /* MineViewController.m in Sources */ = {isa = PBXBuildFile; fileRef = 04360EA71E8CB4D400C40166 /* MineViewController.m */; };
		04360EC41E8CB4D400C40166 /* MineModel.m in Sources */ = {isa = PBXBuildFile; fileRef = 04360EAA1E8CB4D400C40166 /* MineModel.m */; };
		04360EC51E8CB4D400C40166 /* MineCell.m in Sources */ = {isa = PBXBuildFile; fileRef = 04360EAD1E8CB4D400C40166 /* MineCell.m */; };
		04360ECD1E8CB91300C40166 /* JMContainerController.m in Sources */ = {isa = PBXBuildFile; fileRef = 04360ECC1E8CB91300C40166 /* JMContainerController.m */; };
		04360ED21E8CB9DF00C40166 /* UINavigationBar+JMNavigationBar.m in Sources */ = {isa = PBXBuildFile; fileRef = 04360ECF1E8CB9DF00C40166 /* UINavigationBar+JMNavigationBar.m */; };
		04360ED31E8CB9DF00C40166 /* UIAlertController+JMAlertController.m in Sources */ = {isa = PBXBuildFile; fileRef = 04360ED11E8CB9DF00C40166 /* UIAlertController+JMAlertController.m */; };
		04360ED81E8CB9FB00C40166 /* JMGestureButton.m in Sources */ = {isa = PBXBuildFile; fileRef = 04360ED51E8CB9FB00C40166 /* JMGestureButton.m */; };
		04360ED91E8CB9FB00C40166 /* UserDefaultTools.m in Sources */ = {isa = PBXBuildFile; fileRef = 04360ED71E8CB9FB00C40166 /* UserDefaultTools.m */; };
		04360EFC1E8CBA1900C40166 /* MKAnnotationView+WebCache.m in Sources */ = {isa = PBXBuildFile; fileRef = 04360EDC1E8CBA1900C40166 /* MKAnnotationView+WebCache.m */; };
		04360EFD1E8CBA1900C40166 /* NSData+ImageContentType.m in Sources */ = {isa = PBXBuildFile; fileRef = 04360EDE1E8CBA1900C40166 /* NSData+ImageContentType.m */; };
		04360EFE1E8CBA1900C40166 /* SDImageCache.m in Sources */ = {isa = PBXBuildFile; fileRef = 04360EE01E8CBA1900C40166 /* SDImageCache.m */; };
		04360EFF1E8CBA1900C40166 /* SDWebImageCompat.m in Sources */ = {isa = PBXBuildFile; fileRef = 04360EE21E8CBA1900C40166 /* SDWebImageCompat.m */; };
		04360F001E8CBA1900C40166 /* SDWebImageDecoder.m in Sources */ = {isa = PBXBuildFile; fileRef = 04360EE41E8CBA1900C40166 /* SDWebImageDecoder.m */; };
		04360F011E8CBA1900C40166 /* SDWebImageDownloader.m in Sources */ = {isa = PBXBuildFile; fileRef = 04360EE61E8CBA1900C40166 /* SDWebImageDownloader.m */; };
		04360F021E8CBA1900C40166 /* SDWebImageDownloaderOperation.m in Sources */ = {isa = PBXBuildFile; fileRef = 04360EE81E8CBA1900C40166 /* SDWebImageDownloaderOperation.m */; };
		04360F031E8CBA1900C40166 /* SDWebImageManager.m in Sources */ = {isa = PBXBuildFile; fileRef = 04360EEA1E8CBA1900C40166 /* SDWebImageManager.m */; };
		04360F041E8CBA1900C40166 /* SDWebImagePrefetcher.m in Sources */ = {isa = PBXBuildFile; fileRef = 04360EED1E8CBA1900C40166 /* SDWebImagePrefetcher.m */; };
		04360F051E8CBA1900C40166 /* UIButton+WebCache.m in Sources */ = {isa = PBXBuildFile; fileRef = 04360EEF1E8CBA1900C40166 /* UIButton+WebCache.m */; };
		04360F061E8CBA1900C40166 /* UIImage+GIF.m in Sources */ = {isa = PBXBuildFile; fileRef = 04360EF11E8CBA1900C40166 /* UIImage+GIF.m */; };
		04360F071E8CBA1900C40166 /* UIImage+MultiFormat.m in Sources */ = {isa = PBXBuildFile; fileRef = 04360EF31E8CBA1900C40166 /* UIImage+MultiFormat.m */; };
		04360F081E8CBA1900C40166 /* UIImage+WebP.m in Sources */ = {isa = PBXBuildFile; fileRef = 04360EF51E8CBA1900C40166 /* UIImage+WebP.m */; };
		04360F091E8CBA1900C40166 /* UIImageView+HighlightedWebCache.m in Sources */ = {isa = PBXBuildFile; fileRef = 04360EF71E8CBA1900C40166 /* UIImageView+HighlightedWebCache.m */; };
		04360F0A1E8CBA1900C40166 /* UIImageView+WebCache.m in Sources */ = {isa = PBXBuildFile; fileRef = 04360EF91E8CBA1900C40166 /* UIImageView+WebCache.m */; };
		04360F0B1E8CBA1900C40166 /* UIView+WebCacheOperation.m in Sources */ = {isa = PBXBuildFile; fileRef = 04360EFB1E8CBA1900C40166 /* UIView+WebCacheOperation.m */; };
		04360F121E8CBB9200C40166 /* ClassCollectionReusableView.m in Sources */ = {isa = PBXBuildFile; fileRef = 04360F0D1E8CBB9200C40166 /* ClassCollectionReusableView.m */; };
		04360F131E8CBB9200C40166 /* ClassCollectionViewFlowLayout.m in Sources */ = {isa = PBXBuildFile; fileRef = 04360F0F1E8CBB9200C40166 /* ClassCollectionViewFlowLayout.m */; };
		04360F141E8CBB9200C40166 /* ClassListCollectionCell.m in Sources */ = {isa = PBXBuildFile; fileRef = 04360F111E8CBB9200C40166 /* ClassListCollectionCell.m */; };
		04360F171E8CBBA000C40166 /* ClassModel.m in Sources */ = {isa = PBXBuildFile; fileRef = 04360F161E8CBBA000C40166 /* ClassModel.m */; };
		04360F1A1E8CBBAF00C40166 /* NSObject+JMProperty.m in Sources */ = {isa = PBXBuildFile; fileRef = 04360F191E8CBBAF00C40166 /* NSObject+JMProperty.m */; };
		04360F1D1E8CBBD700C40166 /* JMSegmentBar.m in Sources */ = {isa = PBXBuildFile; fileRef = 04360F1C1E8CBBD700C40166 /* JMSegmentBar.m */; };
		04B6C3FC1E8CBCC00073C215 /* ClassController.m in Sources */ = {isa = PBXBuildFile; fileRef = 04B6C3FB1E8CBCC00073C215 /* ClassController.m */; };
/* End PBXBuildFile section */

/* Begin PBXContainerItemProxy section */
		0425D2071E5FD74900F759B7 /* PBXContainerItemProxy */ = {
			isa = PBXContainerItemProxy;
			containerPortal = 0425D1E51E5FD74900F759B7 /* Project object */;
			proxyType = 1;
			remoteGlobalIDString = 0425D1EC1E5FD74900F759B7;
			remoteInfo = LivDownload;
		};
/* End PBXContainerItemProxy section */

/* Begin PBXFileReference section */
		0425D1ED1E5FD74900F759B7 /* LivDownload.app */ = {isa = PBXFileReference; explicitFileType = wrapper.application; includeInIndex = 0; path = LivDownload.app; sourceTree = BUILT_PRODUCTS_DIR; };
		0425D1F11E5FD74900F759B7 /* main.m */ = {isa = PBXFileReference; lastKnownFileType = sourcecode.c.objc; path = main.m; sourceTree = "<group>"; };
		0425D1F31E5FD74900F759B7 /* AppDelegate.h */ = {isa = PBXFileReference; lastKnownFileType = sourcecode.c.h; path = AppDelegate.h; sourceTree = "<group>"; };
		0425D1F41E5FD74900F759B7 /* AppDelegate.m */ = {isa = PBXFileReference; lastKnownFileType = sourcecode.c.objc; path = AppDelegate.m; sourceTree = "<group>"; };
		0425D1FA1E5FD74900F759B7 /* Base */ = {isa = PBXFileReference; lastKnownFileType = file.storyboard; name = Base; path = Base.lproj/Main.storyboard; sourceTree = "<group>"; };
		0425D1FC1E5FD74900F759B7 /* Assets.xcassets */ = {isa = PBXFileReference; lastKnownFileType = folder.assetcatalog; path = Assets.xcassets; sourceTree = "<group>"; };
		0425D1FF1E5FD74900F759B7 /* Base */ = {isa = PBXFileReference; lastKnownFileType = file.storyboard; name = Base; path = Base.lproj/LaunchScreen.storyboard; sourceTree = "<group>"; };
		0425D2011E5FD74900F759B7 /* Info.plist */ = {isa = PBXFileReference; lastKnownFileType = text.plist.xml; path = Info.plist; sourceTree = "<group>"; };
		0425D2061E5FD74900F759B7 /* LivDownloadTests.xctest */ = {isa = PBXFileReference; explicitFileType = wrapper.cfbundle; includeInIndex = 0; path = LivDownloadTests.xctest; sourceTree = BUILT_PRODUCTS_DIR; };
		0425D20A1E5FD74900F759B7 /* LivDownloadTests.m */ = {isa = PBXFileReference; lastKnownFileType = sourcecode.c.objc; path = LivDownloadTests.m; sourceTree = "<group>"; };
		0425D20C1E5FD74900F759B7 /* Info.plist */ = {isa = PBXFileReference; lastKnownFileType = text.plist.xml; path = Info.plist; sourceTree = "<group>"; };
		04360DA41E8CB1BD00C40166 /* NSObject+PYThemeExtension.h */ = {isa = PBXFileReference; fileEncoding = 4; lastKnownFileType = sourcecode.c.h; path = "NSObject+PYThemeExtension.h"; sourceTree = "<group>"; };
		04360DA51E8CB1BD00C40166 /* NSObject+PYThemeExtension.m */ = {isa = PBXFileReference; fileEncoding = 4; lastKnownFileType = sourcecode.c.objc; path = "NSObject+PYThemeExtension.m"; sourceTree = "<group>"; };
		04360DA61E8CB1BD00C40166 /* UIImage+JMImage.h */ = {isa = PBXFileReference; fileEncoding = 4; lastKnownFileType = sourcecode.c.h; path = "UIImage+JMImage.h"; sourceTree = "<group>"; };
		04360DA71E8CB1BD00C40166 /* UIImage+JMImage.m */ = {isa = PBXFileReference; fileEncoding = 4; lastKnownFileType = sourcecode.c.objc; path = "UIImage+JMImage.m"; sourceTree = "<group>"; };
		04360DA81E8CB1BD00C40166 /* UIImage+MetaImage.h */ = {isa = PBXFileReference; fileEncoding = 4; lastKnownFileType = sourcecode.c.h; path = "UIImage+MetaImage.h"; sourceTree = "<group>"; };
		04360DA91E8CB1BD00C40166 /* UIImage+MetaImage.m */ = {isa = PBXFileReference; fileEncoding = 4; lastKnownFileType = sourcecode.c.objc; path = "UIImage+MetaImage.m"; sourceTree = "<group>"; };
		04360DAA1E8CB1BD00C40166 /* UIView+Extension.h */ = {isa = PBXFileReference; fileEncoding = 4; lastKnownFileType = sourcecode.c.h; path = "UIView+Extension.h"; sourceTree = "<group>"; };
		04360DAB1E8CB1BD00C40166 /* UIView+Extension.m */ = {isa = PBXFileReference; fileEncoding = 4; lastKnownFileType = sourcecode.c.objc; path = "UIView+Extension.m"; sourceTree = "<group>"; };
		04360DC31E8CB1C600C40166 /* Icon.swift */ = {isa = PBXFileReference; fileEncoding = 4; lastKnownFileType = sourcecode.swift; path = Icon.swift; sourceTree = "<group>"; };
		04360DC41E8CB1C600C40166 /* Sicon.swift */ = {isa = PBXFileReference; fileEncoding = 4; lastKnownFileType = sourcecode.swift; path = Sicon.swift; sourceTree = "<group>"; };
		04360DC51E8CB1C600C40166 /* SiconExt.swift */ = {isa = PBXFileReference; fileEncoding = 4; lastKnownFileType = sourcecode.swift; path = SiconExt.swift; sourceTree = "<group>"; };
		04360DC61E8CB1C600C40166 /* PageProperty.swift */ = {isa = PBXFileReference; fileEncoding = 4; lastKnownFileType = sourcecode.swift; path = PageProperty.swift; sourceTree = "<group>"; };
		04360DC81E8CB1C600C40166 /* Path.swift */ = {isa = PBXFileReference; fileEncoding = 4; lastKnownFileType = sourcecode.swift; path = Path.swift; sourceTree = "<group>"; };
		04360DC91E8CB1C600C40166 /* Point.swift */ = {isa = PBXFileReference; fileEncoding = 4; lastKnownFileType = sourcecode.swift; path = Point.swift; sourceTree = "<group>"; };
		04360DCA1E8CB1C600C40166 /* Polyline.swift */ = {isa = PBXFileReference; fileEncoding = 4; lastKnownFileType = sourcecode.swift; path = Polyline.swift; sourceTree = "<group>"; };
		04360DCB1E8CB1C600C40166 /* Properties.swift */ = {isa = PBXFileReference; fileEncoding = 4; lastKnownFileType = sourcecode.swift; path = Properties.swift; sourceTree = "<group>"; };
		04360DCC1E8CB1C600C40166 /* ScaleRatio.swift */ = {isa = PBXFileReference; fileEncoding = 4; lastKnownFileType = sourcecode.swift; path = ScaleRatio.swift; sourceTree = "<group>"; };
		04360DCE1E8CB1C600C40166 /* Stext.swift */ = {isa = PBXFileReference; fileEncoding = 4; lastKnownFileType = sourcecode.swift; path = Stext.swift; sourceTree = "<group>"; };
		04360DCF1E8CB1C600C40166 /* StextExt.swift */ = {isa = PBXFileReference; fileEncoding = 4; lastKnownFileType = sourcecode.swift; path = StextExt.swift; sourceTree = "<group>"; };
		04360DD01E8CB1C600C40166 /* Text.swift */ = {isa = PBXFileReference; fileEncoding = 4; lastKnownFileType = sourcecode.swift; path = Text.swift; sourceTree = "<group>"; };
		04360DD21E8CB1C600C40166 /* LivePlaybackDelegate.swift */ = {isa = PBXFileReference; fileEncoding = 4; lastKnownFileType = sourcecode.swift; path = LivePlaybackDelegate.swift; sourceTree = "<group>"; };
		04360DD31E8CB1C600C40166 /* LivePlaybackReader.swift */ = {isa = PBXFileReference; fileEncoding = 4; lastKnownFileType = sourcecode.swift; path = LivePlaybackReader.swift; sourceTree = "<group>"; };
		04360DD41E8CB1C600C40166 /* LivePlaybackViewController.swift */ = {isa = PBXFileReference; fileEncoding = 4; lastKnownFileType = sourcecode.swift; path = LivePlaybackViewController.swift; sourceTree = "<group>"; };
		04360DD51E8CB1C600C40166 /* PageView.swift */ = {isa = PBXFileReference; fileEncoding = 4; lastKnownFileType = sourcecode.swift; path = PageView.swift; sourceTree = "<group>"; };
		04360DD61E8CB1C600C40166 /* PageViewController.swift */ = {isa = PBXFileReference; fileEncoding = 4; lastKnownFileType = sourcecode.swift; path = PageViewController.swift; sourceTree = "<group>"; };
		04360DD71E8CB1C600C40166 /* ToolBarStatusDelegate.h */ = {isa = PBXFileReference; fileEncoding = 4; lastKnownFileType = sourcecode.c.h; path = ToolBarStatusDelegate.h; sourceTree = "<group>"; };
		04360DD81E8CB1C600C40166 /* ViewDrawer.swift */ = {isa = PBXFileReference; fileEncoding = 4; lastKnownFileType = sourcecode.swift; path = ViewDrawer.swift; sourceTree = "<group>"; };
		04360DD91E8CB1C600C40166 /* WebsocketMessageUIDelegate.swift */ = {isa = PBXFileReference; fileEncoding = 4; lastKnownFileType = sourcecode.swift; path = WebsocketMessageUIDelegate.swift; sourceTree = "<group>"; };
		04360DF51E8CB1D000C40166 /* AFHTTPSessionManager.h */ = {isa = PBXFileReference; fileEncoding = 4; lastKnownFileType = sourcecode.c.h; path = AFHTTPSessionManager.h; sourceTree = "<group>"; };
		04360DF61E8CB1D000C40166 /* AFHTTPSessionManager.m */ = {isa = PBXFileReference; fileEncoding = 4; lastKnownFileType = sourcecode.c.objc; path = AFHTTPSessionManager.m; sourceTree = "<group>"; };
		04360DF71E8CB1D000C40166 /* AFNetworking.h */ = {isa = PBXFileReference; fileEncoding = 4; lastKnownFileType = sourcecode.c.h; path = AFNetworking.h; sourceTree = "<group>"; };
		04360DF81E8CB1D000C40166 /* AFNetworkReachabilityManager.h */ = {isa = PBXFileReference; fileEncoding = 4; lastKnownFileType = sourcecode.c.h; path = AFNetworkReachabilityManager.h; sourceTree = "<group>"; };
		04360DF91E8CB1D000C40166 /* AFNetworkReachabilityManager.m */ = {isa = PBXFileReference; fileEncoding = 4; lastKnownFileType = sourcecode.c.objc; path = AFNetworkReachabilityManager.m; sourceTree = "<group>"; };
		04360DFA1E8CB1D000C40166 /* AFSecurityPolicy.h */ = {isa = PBXFileReference; fileEncoding = 4; lastKnownFileType = sourcecode.c.h; path = AFSecurityPolicy.h; sourceTree = "<group>"; };
		04360DFB1E8CB1D000C40166 /* AFSecurityPolicy.m */ = {isa = PBXFileReference; fileEncoding = 4; lastKnownFileType = sourcecode.c.objc; path = AFSecurityPolicy.m; sourceTree = "<group>"; };
		04360DFC1E8CB1D000C40166 /* AFURLRequestSerialization.h */ = {isa = PBXFileReference; fileEncoding = 4; lastKnownFileType = sourcecode.c.h; path = AFURLRequestSerialization.h; sourceTree = "<group>"; };
		04360DFD1E8CB1D000C40166 /* AFURLRequestSerialization.m */ = {isa = PBXFileReference; fileEncoding = 4; lastKnownFileType = sourcecode.c.objc; path = AFURLRequestSerialization.m; sourceTree = "<group>"; };
		04360DFE1E8CB1D000C40166 /* AFURLResponseSerialization.h */ = {isa = PBXFileReference; fileEncoding = 4; lastKnownFileType = sourcecode.c.h; path = AFURLResponseSerialization.h; sourceTree = "<group>"; };
		04360DFF1E8CB1D000C40166 /* AFURLResponseSerialization.m */ = {isa = PBXFileReference; fileEncoding = 4; lastKnownFileType = sourcecode.c.objc; path = AFURLResponseSerialization.m; sourceTree = "<group>"; };
		04360E001E8CB1D000C40166 /* AFURLSessionManager.h */ = {isa = PBXFileReference; fileEncoding = 4; lastKnownFileType = sourcecode.c.h; path = AFURLSessionManager.h; sourceTree = "<group>"; };
		04360E011E8CB1D000C40166 /* AFURLSessionManager.m */ = {isa = PBXFileReference; fileEncoding = 4; lastKnownFileType = sourcecode.c.objc; path = AFURLSessionManager.m; sourceTree = "<group>"; };
		04360E041E8CB1D000C40166 /* OPAudioMangerTool.h */ = {isa = PBXFileReference; fileEncoding = 4; lastKnownFileType = sourcecode.c.h; path = OPAudioMangerTool.h; sourceTree = "<group>"; };
		04360E051E8CB1D000C40166 /* OPAudioMangerTool.m */ = {isa = PBXFileReference; fileEncoding = 4; lastKnownFileType = sourcecode.c.objc; path = OPAudioMangerTool.m; sourceTree = "<group>"; };
		04360E061E8CB1D000C40166 /* OPAVPlayer.h */ = {isa = PBXFileReference; fileEncoding = 4; lastKnownFileType = sourcecode.c.h; path = OPAVPlayer.h; sourceTree = "<group>"; };
		04360E071E8CB1D000C40166 /* OPAVPlayer.m */ = {isa = PBXFileReference; fileEncoding = 4; lastKnownFileType = sourcecode.c.objc; path = OPAVPlayer.m; sourceTree = "<group>"; };
		04360E091E8CB1D000C40166 /* Decoder.swift */ = {isa = PBXFileReference; fileEncoding = 4; lastKnownFileType = sourcecode.swift; path = Decoder.swift; sourceTree = "<group>"; };
		04360E0A1E8CB1D000C40166 /* Encoder.swift */ = {isa = PBXFileReference; fileEncoding = 4; lastKnownFileType = sourcecode.swift; path = Encoder.swift; sourceTree = "<group>"; };
		04360E0B1E8CB1D000C40166 /* ExtensionArray.swift */ = {isa = PBXFileReference; fileEncoding = 4; lastKnownFileType = sourcecode.swift; path = ExtensionArray.swift; sourceTree = "<group>"; };
		04360E0C1E8CB1D000C40166 /* ExtensionDictionary.swift */ = {isa = PBXFileReference; fileEncoding = 4; lastKnownFileType = sourcecode.swift; path = ExtensionDictionary.swift; sourceTree = "<group>"; };
		04360E0D1E8CB1D000C40166 /* Gloss.h */ = {isa = PBXFileReference; fileEncoding = 4; lastKnownFileType = sourcecode.c.h; path = Gloss.h; sourceTree = "<group>"; };
		04360E0E1E8CB1D000C40166 /* Gloss.swift */ = {isa = PBXFileReference; fileEncoding = 4; lastKnownFileType = sourcecode.swift; path = Gloss.swift; sourceTree = "<group>"; };
		04360E0F1E8CB1D000C40166 /* Info.plist */ = {isa = PBXFileReference; fileEncoding = 4; lastKnownFileType = text.plist.xml; path = Info.plist; sourceTree = "<group>"; };
		04360E101E8CB1D000C40166 /* Operators.swift */ = {isa = PBXFileReference; fileEncoding = 4; lastKnownFileType = sourcecode.swift; path = Operators.swift; sourceTree = "<group>"; };
		04360E121E8CB1D000C40166 /* MASCompositeConstraint.h */ = {isa = PBXFileReference; fileEncoding = 4; lastKnownFileType = sourcecode.c.h; path = MASCompositeConstraint.h; sourceTree = "<group>"; };
		04360E131E8CB1D000C40166 /* MASCompositeConstraint.m */ = {isa = PBXFileReference; fileEncoding = 4; lastKnownFileType = sourcecode.c.objc; path = MASCompositeConstraint.m; sourceTree = "<group>"; };
		04360E141E8CB1D000C40166 /* MASConstraint+Private.h */ = {isa = PBXFileReference; fileEncoding = 4; lastKnownFileType = sourcecode.c.h; path = "MASConstraint+Private.h"; sourceTree = "<group>"; };
		04360E151E8CB1D000C40166 /* MASConstraint.h */ = {isa = PBXFileReference; fileEncoding = 4; lastKnownFileType = sourcecode.c.h; path = MASConstraint.h; sourceTree = "<group>"; };
		04360E161E8CB1D000C40166 /* MASConstraint.m */ = {isa = PBXFileReference; fileEncoding = 4; lastKnownFileType = sourcecode.c.objc; path = MASConstraint.m; sourceTree = "<group>"; };
		04360E171E8CB1D000C40166 /* MASConstraintMaker.h */ = {isa = PBXFileReference; fileEncoding = 4; lastKnownFileType = sourcecode.c.h; path = MASConstraintMaker.h; sourceTree = "<group>"; };
		04360E181E8CB1D000C40166 /* MASConstraintMaker.m */ = {isa = PBXFileReference; fileEncoding = 4; lastKnownFileType = sourcecode.c.objc; path = MASConstraintMaker.m; sourceTree = "<group>"; };
		04360E191E8CB1D000C40166 /* MASLayoutConstraint.h */ = {isa = PBXFileReference; fileEncoding = 4; lastKnownFileType = sourcecode.c.h; path = MASLayoutConstraint.h; sourceTree = "<group>"; };
		04360E1A1E8CB1D000C40166 /* MASLayoutConstraint.m */ = {isa = PBXFileReference; fileEncoding = 4; lastKnownFileType = sourcecode.c.objc; path = MASLayoutConstraint.m; sourceTree = "<group>"; };
		04360E1B1E8CB1D000C40166 /* Masonry.h */ = {isa = PBXFileReference; fileEncoding = 4; lastKnownFileType = sourcecode.c.h; path = Masonry.h; sourceTree = "<group>"; };
		04360E1C1E8CB1D000C40166 /* MASUtilities.h */ = {isa = PBXFileReference; fileEncoding = 4; lastKnownFileType = sourcecode.c.h; path = MASUtilities.h; sourceTree = "<group>"; };
		04360E1D1E8CB1D000C40166 /* MASViewAttribute.h */ = {isa = PBXFileReference; fileEncoding = 4; lastKnownFileType = sourcecode.c.h; path = MASViewAttribute.h; sourceTree = "<group>"; };
		04360E1E1E8CB1D000C40166 /* MASViewAttribute.m */ = {isa = PBXFileReference; fileEncoding = 4; lastKnownFileType = sourcecode.c.objc; path = MASViewAttribute.m; sourceTree = "<group>"; };
		04360E1F1E8CB1D000C40166 /* MASViewConstraint.h */ = {isa = PBXFileReference; fileEncoding = 4; lastKnownFileType = sourcecode.c.h; path = MASViewConstraint.h; sourceTree = "<group>"; };
		04360E201E8CB1D000C40166 /* MASViewConstraint.m */ = {isa = PBXFileReference; fileEncoding = 4; lastKnownFileType = sourcecode.c.objc; path = MASViewConstraint.m; sourceTree = "<group>"; };
		04360E211E8CB1D000C40166 /* NSArray+MASAdditions.h */ = {isa = PBXFileReference; fileEncoding = 4; lastKnownFileType = sourcecode.c.h; path = "NSArray+MASAdditions.h"; sourceTree = "<group>"; };
		04360E221E8CB1D000C40166 /* NSArray+MASAdditions.m */ = {isa = PBXFileReference; fileEncoding = 4; lastKnownFileType = sourcecode.c.objc; path = "NSArray+MASAdditions.m"; sourceTree = "<group>"; };
		04360E231E8CB1D000C40166 /* NSArray+MASShorthandAdditions.h */ = {isa = PBXFileReference; fileEncoding = 4; lastKnownFileType = sourcecode.c.h; path = "NSArray+MASShorthandAdditions.h"; sourceTree = "<group>"; };
		04360E241E8CB1D000C40166 /* NSLayoutConstraint+MASDebugAdditions.h */ = {isa = PBXFileReference; fileEncoding = 4; lastKnownFileType = sourcecode.c.h; path = "NSLayoutConstraint+MASDebugAdditions.h"; sourceTree = "<group>"; };
		04360E251E8CB1D000C40166 /* NSLayoutConstraint+MASDebugAdditions.m */ = {isa = PBXFileReference; fileEncoding = 4; lastKnownFileType = sourcecode.c.objc; path = "NSLayoutConstraint+MASDebugAdditions.m"; sourceTree = "<group>"; };
		04360E261E8CB1D000C40166 /* View+MASAdditions.h */ = {isa = PBXFileReference; fileEncoding = 4; lastKnownFileType = sourcecode.c.h; path = "View+MASAdditions.h"; sourceTree = "<group>"; };
		04360E271E8CB1D000C40166 /* View+MASAdditions.m */ = {isa = PBXFileReference; fileEncoding = 4; lastKnownFileType = sourcecode.c.objc; path = "View+MASAdditions.m"; sourceTree = "<group>"; };
		04360E281E8CB1D000C40166 /* View+MASShorthandAdditions.h */ = {isa = PBXFileReference; fileEncoding = 4; lastKnownFileType = sourcecode.c.h; path = "View+MASShorthandAdditions.h"; sourceTree = "<group>"; };
		04360E291E8CB1D000C40166 /* ViewController+MASAdditions.h */ = {isa = PBXFileReference; fileEncoding = 4; lastKnownFileType = sourcecode.c.h; path = "ViewController+MASAdditions.h"; sourceTree = "<group>"; };
		04360E2A1E8CB1D000C40166 /* ViewController+MASAdditions.m */ = {isa = PBXFileReference; fileEncoding = 4; lastKnownFileType = sourcecode.c.objc; path = "ViewController+MASAdditions.m"; sourceTree = "<group>"; };
		04360E2C1E8CB1D000C40166 /* AnnotationLayerDelegate.h */ = {isa = PBXFileReference; fileEncoding = 4; lastKnownFileType = sourcecode.c.h; path = AnnotationLayerDelegate.h; sourceTree = "<group>"; };
		04360E2D1E8CB1D000C40166 /* AnnotationLayerDelegate.m */ = {isa = PBXFileReference; fileEncoding = 4; lastKnownFileType = sourcecode.c.objc; path = AnnotationLayerDelegate.m; sourceTree = "<group>"; };
		04360E2E1E8CB1D000C40166 /* SingleFingerDragDisabledUIView.h */ = {isa = PBXFileReference; fileEncoding = 4; lastKnownFileType = sourcecode.c.h; path = SingleFingerDragDisabledUIView.h; sourceTree = "<group>"; };
		04360E2F1E8CB1D000C40166 /* SingleFingerDragDisabledUIView.m */ = {isa = PBXFileReference; fileEncoding = 4; lastKnownFileType = sourcecode.c.objc; path = SingleFingerDragDisabledUIView.m; sourceTree = "<group>"; };
		04360E311E8CB1D000C40166 /* DIYButton.h */ = {isa = PBXFileReference; fileEncoding = 4; lastKnownFileType = sourcecode.c.h; path = DIYButton.h; sourceTree = "<group>"; };
		04360E321E8CB1D000C40166 /* DIYButton.m */ = {isa = PBXFileReference; fileEncoding = 4; lastKnownFileType = sourcecode.c.objc; path = DIYButton.m; sourceTree = "<group>"; };
		04360E331E8CB1D000C40166 /* OPMediaManger.h */ = {isa = PBXFileReference; fileEncoding = 4; lastKnownFileType = sourcecode.c.h; path = OPMediaManger.h; sourceTree = "<group>"; };
		04360E341E8CB1D000C40166 /* OPMediaManger.m */ = {isa = PBXFileReference; fileEncoding = 4; lastKnownFileType = sourcecode.c.objc; path = OPMediaManger.m; sourceTree = "<group>"; };
		04360E351E8CB1D000C40166 /* OPVideoPlayer.h */ = {isa = PBXFileReference; fileEncoding = 4; lastKnownFileType = sourcecode.c.h; path = OPVideoPlayer.h; sourceTree = "<group>"; };
		04360E361E8CB1D000C40166 /* OPVideoPlayer.m */ = {isa = PBXFileReference; fileEncoding = 4; lastKnownFileType = sourcecode.c.objc; path = OPVideoPlayer.m; sourceTree = "<group>"; };
		04360E371E8CB1D000C40166 /* OPVideoVC.h */ = {isa = PBXFileReference; fileEncoding = 4; lastKnownFileType = sourcecode.c.h; path = OPVideoVC.h; sourceTree = "<group>"; };
		04360E381E8CB1D000C40166 /* OPVideoVC.m */ = {isa = PBXFileReference; fileEncoding = 4; lastKnownFileType = sourcecode.c.objc; path = OPVideoVC.m; sourceTree = "<group>"; };
		04360E391E8CB1D000C40166 /* Slider.h */ = {isa = PBXFileReference; fileEncoding = 4; lastKnownFileType = sourcecode.c.h; path = Slider.h; sourceTree = "<group>"; };
		04360E3A1E8CB1D000C40166 /* Slider.m */ = {isa = PBXFileReference; fileEncoding = 4; lastKnownFileType = sourcecode.c.objc; path = Slider.m; sourceTree = "<group>"; };
		04360E5C1E8CB1D800C40166 /* Constants.swift */ = {isa = PBXFileReference; fileEncoding = 4; lastKnownFileType = sourcecode.swift; path = Constants.swift; sourceTree = "<group>"; };
		04360E5D1E8CB1D800C40166 /* DrawingToolFactory.swift */ = {isa = PBXFileReference; fileEncoding = 4; lastKnownFileType = sourcecode.swift; path = DrawingToolFactory.swift; sourceTree = "<group>"; };
		04360E5E1E8CB1D800C40166 /* FileManager.swift */ = {isa = PBXFileReference; fileEncoding = 4; lastKnownFileType = sourcecode.swift; path = FileManager.swift; sourceTree = "<group>"; };
		04360E601E8CB1D800C40166 /* LivDownloadHelper.h */ = {isa = PBXFileReference; fileEncoding = 4; lastKnownFileType = sourcecode.c.h; path = LivDownloadHelper.h; sourceTree = "<group>"; };
		04360E611E8CB1D800C40166 /* LivDownloadHelper.m */ = {isa = PBXFileReference; fileEncoding = 4; lastKnownFileType = sourcecode.c.objc; path = LivDownloadHelper.m; sourceTree = "<group>"; };
		04360E621E8CB1D800C40166 /* UIUtils.swift */ = {isa = PBXFileReference; fileEncoding = 4; lastKnownFileType = sourcecode.swift; path = UIUtils.swift; sourceTree = "<group>"; };
		04360E681E8CB3F100C40166 /* PageShareBridgingUtils.h */ = {isa = PBXFileReference; fileEncoding = 4; lastKnownFileType = sourcecode.c.h; path = PageShareBridgingUtils.h; sourceTree = "<group>"; };
		04360E691E8CB3F100C40166 /* PageShareBridgingUtils.m */ = {isa = PBXFileReference; fileEncoding = 4; lastKnownFileType = sourcecode.c.objc; path = PageShareBridgingUtils.m; sourceTree = "<group>"; };
		04360E6E1E8CB4D400C40166 /* DownloadController.h */ = {isa = PBXFileReference; fileEncoding = 4; lastKnownFileType = sourcecode.c.h; path = DownloadController.h; sourceTree = "<group>"; };
		04360E6F1E8CB4D400C40166 /* DownloadController.m */ = {isa = PBXFileReference; fileEncoding = 4; lastKnownFileType = sourcecode.c.objc; path = DownloadController.m; sourceTree = "<group>"; };
		04360E701E8CB4D400C40166 /* LivViewController.h */ = {isa = PBXFileReference; fileEncoding = 4; lastKnownFileType = sourcecode.c.h; path = LivViewController.h; sourceTree = "<group>"; };
		04360E711E8CB4D400C40166 /* LivViewController.m */ = {isa = PBXFileReference; fileEncoding = 4; lastKnownFileType = sourcecode.c.objc; path = LivViewController.m; sourceTree = "<group>"; };
		04360E731E8CB4D400C40166 /* DownloadModel.h */ = {isa = PBXFileReference; fileEncoding = 4; lastKnownFileType = sourcecode.c.h; path = DownloadModel.h; sourceTree = "<group>"; };
		04360E741E8CB4D400C40166 /* DownloadModel.m */ = {isa = PBXFileReference; fileEncoding = 4; lastKnownFileType = sourcecode.c.objc; path = DownloadModel.m; sourceTree = "<group>"; };
		04360E761E8CB4D400C40166 /* DownloadCell.h */ = {isa = PBXFileReference; fileEncoding = 4; lastKnownFileType = sourcecode.c.h; path = DownloadCell.h; sourceTree = "<group>"; };
		04360E771E8CB4D400C40166 /* DownloadCell.m */ = {isa = PBXFileReference; fileEncoding = 4; lastKnownFileType = sourcecode.c.objc; path = DownloadCell.m; sourceTree = "<group>"; };
		04360E781E8CB4D400C40166 /* DownloadCompleteCell.h */ = {isa = PBXFileReference; fileEncoding = 4; lastKnownFileType = sourcecode.c.h; path = DownloadCompleteCell.h; sourceTree = "<group>"; };
		04360E791E8CB4D400C40166 /* DownloadCompleteCell.m */ = {isa = PBXFileReference; fileEncoding = 4; lastKnownFileType = sourcecode.c.objc; path = DownloadCompleteCell.m; sourceTree = "<group>"; };
		04360E7A1E8CB4D400C40166 /* SegmentControl.h */ = {isa = PBXFileReference; fileEncoding = 4; lastKnownFileType = sourcecode.c.h; path = SegmentControl.h; sourceTree = "<group>"; };
		04360E7B1E8CB4D400C40166 /* SegmentControl.m */ = {isa = PBXFileReference; fileEncoding = 4; lastKnownFileType = sourcecode.c.objc; path = SegmentControl.m; sourceTree = "<group>"; };
		04360E851E8CB4D400C40166 /* JMDrawController.h */ = {isa = PBXFileReference; fileEncoding = 4; lastKnownFileType = sourcecode.c.h; path = JMDrawController.h; sourceTree = "<group>"; };
		04360E861E8CB4D400C40166 /* JMDrawController.m */ = {isa = PBXFileReference; fileEncoding = 4; lastKnownFileType = sourcecode.c.objc; path = JMDrawController.m; sourceTree = "<group>"; };
		04360E991E8CB4D400C40166 /* HomeController.h */ = {isa = PBXFileReference; fileEncoding = 4; lastKnownFileType = sourcecode.c.h; path = HomeController.h; sourceTree = "<group>"; };
		04360E9A1E8CB4D400C40166 /* HomeController.m */ = {isa = PBXFileReference; fileEncoding = 4; lastKnownFileType = sourcecode.c.objc; path = HomeController.m; sourceTree = "<group>"; };
		04360E9D1E8CB4D400C40166 /* DownloadNavController.h */ = {isa = PBXFileReference; fileEncoding = 4; lastKnownFileType = sourcecode.c.h; path = DownloadNavController.h; sourceTree = "<group>"; };
		04360E9E1E8CB4D400C40166 /* DownloadNavController.m */ = {isa = PBXFileReference; fileEncoding = 4; lastKnownFileType = sourcecode.c.objc; path = DownloadNavController.m; sourceTree = "<group>"; };
		04360E9F1E8CB4D400C40166 /* ViewController.h */ = {isa = PBXFileReference; fileEncoding = 4; lastKnownFileType = sourcecode.c.h; path = ViewController.h; sourceTree = "<group>"; };
		04360EA01E8CB4D400C40166 /* ViewController.m */ = {isa = PBXFileReference; fileEncoding = 4; lastKnownFileType = sourcecode.c.objc; path = ViewController.m; sourceTree = "<group>"; };
		04360EA21E8CB4D400C40166 /* DownloadTabbar.h */ = {isa = PBXFileReference; fileEncoding = 4; lastKnownFileType = sourcecode.c.h; path = DownloadTabbar.h; sourceTree = "<group>"; };
		04360EA31E8CB4D400C40166 /* DownloadTabbar.m */ = {isa = PBXFileReference; fileEncoding = 4; lastKnownFileType = sourcecode.c.objc; path = DownloadTabbar.m; sourceTree = "<group>"; };
		04360EA61E8CB4D400C40166 /* MineViewController.h */ = {isa = PBXFileReference; fileEncoding = 4; lastKnownFileType = sourcecode.c.h; path = MineViewController.h; sourceTree = "<group>"; };
		04360EA71E8CB4D400C40166 /* MineViewController.m */ = {isa = PBXFileReference; fileEncoding = 4; lastKnownFileType = sourcecode.c.objc; path = MineViewController.m; sourceTree = "<group>"; };
		04360EA91E8CB4D400C40166 /* MineModel.h */ = {isa = PBXFileReference; fileEncoding = 4; lastKnownFileType = sourcecode.c.h; path = MineModel.h; sourceTree = "<group>"; };
		04360EAA1E8CB4D400C40166 /* MineModel.m */ = {isa = PBXFileReference; fileEncoding = 4; lastKnownFileType = sourcecode.c.objc; path = MineModel.m; sourceTree = "<group>"; };
		04360EAC1E8CB4D400C40166 /* MineCell.h */ = {isa = PBXFileReference; fileEncoding = 4; lastKnownFileType = sourcecode.c.h; path = MineCell.h; sourceTree = "<group>"; };
		04360EAD1E8CB4D400C40166 /* MineCell.m */ = {isa = PBXFileReference; fileEncoding = 4; lastKnownFileType = sourcecode.c.objc; path = MineCell.m; sourceTree = "<group>"; };
		04360ECB1E8CB91300C40166 /* JMContainerController.h */ = {isa = PBXFileReference; fileEncoding = 4; lastKnownFileType = sourcecode.c.h; path = JMContainerController.h; sourceTree = "<group>"; };
		04360ECC1E8CB91300C40166 /* JMContainerController.m */ = {isa = PBXFileReference; fileEncoding = 4; lastKnownFileType = sourcecode.c.objc; path = JMContainerController.m; sourceTree = "<group>"; };
		04360ECE1E8CB9DF00C40166 /* UINavigationBar+JMNavigationBar.h */ = {isa = PBXFileReference; fileEncoding = 4; lastKnownFileType = sourcecode.c.h; path = "UINavigationBar+JMNavigationBar.h"; sourceTree = "<group>"; };
		04360ECF1E8CB9DF00C40166 /* UINavigationBar+JMNavigationBar.m */ = {isa = PBXFileReference; fileEncoding = 4; lastKnownFileType = sourcecode.c.objc; path = "UINavigationBar+JMNavigationBar.m"; sourceTree = "<group>"; };
		04360ED01E8CB9DF00C40166 /* UIAlertController+JMAlertController.h */ = {isa = PBXFileReference; fileEncoding = 4; lastKnownFileType = sourcecode.c.h; path = "UIAlertController+JMAlertController.h"; sourceTree = "<group>"; };
		04360ED11E8CB9DF00C40166 /* UIAlertController+JMAlertController.m */ = {isa = PBXFileReference; fileEncoding = 4; lastKnownFileType = sourcecode.c.objc; path = "UIAlertController+JMAlertController.m"; sourceTree = "<group>"; };
		04360ED41E8CB9FB00C40166 /* JMGestureButton.h */ = {isa = PBXFileReference; fileEncoding = 4; lastKnownFileType = sourcecode.c.h; path = JMGestureButton.h; sourceTree = "<group>"; };
		04360ED51E8CB9FB00C40166 /* JMGestureButton.m */ = {isa = PBXFileReference; fileEncoding = 4; lastKnownFileType = sourcecode.c.objc; path = JMGestureButton.m; sourceTree = "<group>"; };
		04360ED61E8CB9FB00C40166 /* UserDefaultTools.h */ = {isa = PBXFileReference; fileEncoding = 4; lastKnownFileType = sourcecode.c.h; path = UserDefaultTools.h; sourceTree = "<group>"; };
		04360ED71E8CB9FB00C40166 /* UserDefaultTools.m */ = {isa = PBXFileReference; fileEncoding = 4; lastKnownFileType = sourcecode.c.objc; path = UserDefaultTools.m; sourceTree = "<group>"; };
		04360EDB1E8CBA1900C40166 /* MKAnnotationView+WebCache.h */ = {isa = PBXFileReference; fileEncoding = 4; lastKnownFileType = sourcecode.c.h; path = "MKAnnotationView+WebCache.h"; sourceTree = "<group>"; };
		04360EDC1E8CBA1900C40166 /* MKAnnotationView+WebCache.m */ = {isa = PBXFileReference; fileEncoding = 4; lastKnownFileType = sourcecode.c.objc; path = "MKAnnotationView+WebCache.m"; sourceTree = "<group>"; };
		04360EDD1E8CBA1900C40166 /* NSData+ImageContentType.h */ = {isa = PBXFileReference; fileEncoding = 4; lastKnownFileType = sourcecode.c.h; path = "NSData+ImageContentType.h"; sourceTree = "<group>"; };
		04360EDE1E8CBA1900C40166 /* NSData+ImageContentType.m */ = {isa = PBXFileReference; fileEncoding = 4; lastKnownFileType = sourcecode.c.objc; path = "NSData+ImageContentType.m"; sourceTree = "<group>"; };
		04360EDF1E8CBA1900C40166 /* SDImageCache.h */ = {isa = PBXFileReference; fileEncoding = 4; lastKnownFileType = sourcecode.c.h; path = SDImageCache.h; sourceTree = "<group>"; };
		04360EE01E8CBA1900C40166 /* SDImageCache.m */ = {isa = PBXFileReference; fileEncoding = 4; lastKnownFileType = sourcecode.c.objc; path = SDImageCache.m; sourceTree = "<group>"; };
		04360EE11E8CBA1900C40166 /* SDWebImageCompat.h */ = {isa = PBXFileReference; fileEncoding = 4; lastKnownFileType = sourcecode.c.h; path = SDWebImageCompat.h; sourceTree = "<group>"; };
		04360EE21E8CBA1900C40166 /* SDWebImageCompat.m */ = {isa = PBXFileReference; fileEncoding = 4; lastKnownFileType = sourcecode.c.objc; path = SDWebImageCompat.m; sourceTree = "<group>"; };
		04360EE31E8CBA1900C40166 /* SDWebImageDecoder.h */ = {isa = PBXFileReference; fileEncoding = 4; lastKnownFileType = sourcecode.c.h; path = SDWebImageDecoder.h; sourceTree = "<group>"; };
		04360EE41E8CBA1900C40166 /* SDWebImageDecoder.m */ = {isa = PBXFileReference; fileEncoding = 4; lastKnownFileType = sourcecode.c.objc; path = SDWebImageDecoder.m; sourceTree = "<group>"; };
		04360EE51E8CBA1900C40166 /* SDWebImageDownloader.h */ = {isa = PBXFileReference; fileEncoding = 4; lastKnownFileType = sourcecode.c.h; path = SDWebImageDownloader.h; sourceTree = "<group>"; };
		04360EE61E8CBA1900C40166 /* SDWebImageDownloader.m */ = {isa = PBXFileReference; fileEncoding = 4; lastKnownFileType = sourcecode.c.objc; path = SDWebImageDownloader.m; sourceTree = "<group>"; };
		04360EE71E8CBA1900C40166 /* SDWebImageDownloaderOperation.h */ = {isa = PBXFileReference; fileEncoding = 4; lastKnownFileType = sourcecode.c.h; path = SDWebImageDownloaderOperation.h; sourceTree = "<group>"; };
		04360EE81E8CBA1900C40166 /* SDWebImageDownloaderOperation.m */ = {isa = PBXFileReference; fileEncoding = 4; lastKnownFileType = sourcecode.c.objc; path = SDWebImageDownloaderOperation.m; sourceTree = "<group>"; };
		04360EE91E8CBA1900C40166 /* SDWebImageManager.h */ = {isa = PBXFileReference; fileEncoding = 4; lastKnownFileType = sourcecode.c.h; path = SDWebImageManager.h; sourceTree = "<group>"; };
		04360EEA1E8CBA1900C40166 /* SDWebImageManager.m */ = {isa = PBXFileReference; fileEncoding = 4; lastKnownFileType = sourcecode.c.objc; path = SDWebImageManager.m; sourceTree = "<group>"; };
		04360EEB1E8CBA1900C40166 /* SDWebImageOperation.h */ = {isa = PBXFileReference; fileEncoding = 4; lastKnownFileType = sourcecode.c.h; path = SDWebImageOperation.h; sourceTree = "<group>"; };
		04360EEC1E8CBA1900C40166 /* SDWebImagePrefetcher.h */ = {isa = PBXFileReference; fileEncoding = 4; lastKnownFileType = sourcecode.c.h; path = SDWebImagePrefetcher.h; sourceTree = "<group>"; };
		04360EED1E8CBA1900C40166 /* SDWebImagePrefetcher.m */ = {isa = PBXFileReference; fileEncoding = 4; lastKnownFileType = sourcecode.c.objc; path = SDWebImagePrefetcher.m; sourceTree = "<group>"; };
		04360EEE1E8CBA1900C40166 /* UIButton+WebCache.h */ = {isa = PBXFileReference; fileEncoding = 4; lastKnownFileType = sourcecode.c.h; path = "UIButton+WebCache.h"; sourceTree = "<group>"; };
		04360EEF1E8CBA1900C40166 /* UIButton+WebCache.m */ = {isa = PBXFileReference; fileEncoding = 4; lastKnownFileType = sourcecode.c.objc; path = "UIButton+WebCache.m"; sourceTree = "<group>"; };
		04360EF01E8CBA1900C40166 /* UIImage+GIF.h */ = {isa = PBXFileReference; fileEncoding = 4; lastKnownFileType = sourcecode.c.h; path = "UIImage+GIF.h"; sourceTree = "<group>"; };
		04360EF11E8CBA1900C40166 /* UIImage+GIF.m */ = {isa = PBXFileReference; fileEncoding = 4; lastKnownFileType = sourcecode.c.objc; path = "UIImage+GIF.m"; sourceTree = "<group>"; };
		04360EF21E8CBA1900C40166 /* UIImage+MultiFormat.h */ = {isa = PBXFileReference; fileEncoding = 4; lastKnownFileType = sourcecode.c.h; path = "UIImage+MultiFormat.h"; sourceTree = "<group>"; };
		04360EF31E8CBA1900C40166 /* UIImage+MultiFormat.m */ = {isa = PBXFileReference; fileEncoding = 4; lastKnownFileType = sourcecode.c.objc; path = "UIImage+MultiFormat.m"; sourceTree = "<group>"; };
		04360EF41E8CBA1900C40166 /* UIImage+WebP.h */ = {isa = PBXFileReference; fileEncoding = 4; lastKnownFileType = sourcecode.c.h; path = "UIImage+WebP.h"; sourceTree = "<group>"; };
		04360EF51E8CBA1900C40166 /* UIImage+WebP.m */ = {isa = PBXFileReference; fileEncoding = 4; lastKnownFileType = sourcecode.c.objc; path = "UIImage+WebP.m"; sourceTree = "<group>"; };
		04360EF61E8CBA1900C40166 /* UIImageView+HighlightedWebCache.h */ = {isa = PBXFileReference; fileEncoding = 4; lastKnownFileType = sourcecode.c.h; path = "UIImageView+HighlightedWebCache.h"; sourceTree = "<group>"; };
		04360EF71E8CBA1900C40166 /* UIImageView+HighlightedWebCache.m */ = {isa = PBXFileReference; fileEncoding = 4; lastKnownFileType = sourcecode.c.objc; path = "UIImageView+HighlightedWebCache.m"; sourceTree = "<group>"; };
		04360EF81E8CBA1900C40166 /* UIImageView+WebCache.h */ = {isa = PBXFileReference; fileEncoding = 4; lastKnownFileType = sourcecode.c.h; path = "UIImageView+WebCache.h"; sourceTree = "<group>"; };
		04360EF91E8CBA1900C40166 /* UIImageView+WebCache.m */ = {isa = PBXFileReference; fileEncoding = 4; lastKnownFileType = sourcecode.c.objc; path = "UIImageView+WebCache.m"; sourceTree = "<group>"; };
		04360EFA1E8CBA1900C40166 /* UIView+WebCacheOperation.h */ = {isa = PBXFileReference; fileEncoding = 4; lastKnownFileType = sourcecode.c.h; path = "UIView+WebCacheOperation.h"; sourceTree = "<group>"; };
		04360EFB1E8CBA1900C40166 /* UIView+WebCacheOperation.m */ = {isa = PBXFileReference; fileEncoding = 4; lastKnownFileType = sourcecode.c.objc; path = "UIView+WebCacheOperation.m"; sourceTree = "<group>"; };
		04360F0C1E8CBB9200C40166 /* ClassCollectionReusableView.h */ = {isa = PBXFileReference; fileEncoding = 4; lastKnownFileType = sourcecode.c.h; path = ClassCollectionReusableView.h; sourceTree = "<group>"; };
		04360F0D1E8CBB9200C40166 /* ClassCollectionReusableView.m */ = {isa = PBXFileReference; fileEncoding = 4; lastKnownFileType = sourcecode.c.objc; path = ClassCollectionReusableView.m; sourceTree = "<group>"; };
		04360F0E1E8CBB9200C40166 /* ClassCollectionViewFlowLayout.h */ = {isa = PBXFileReference; fileEncoding = 4; lastKnownFileType = sourcecode.c.h; path = ClassCollectionViewFlowLayout.h; sourceTree = "<group>"; };
		04360F0F1E8CBB9200C40166 /* ClassCollectionViewFlowLayout.m */ = {isa = PBXFileReference; fileEncoding = 4; lastKnownFileType = sourcecode.c.objc; path = ClassCollectionViewFlowLayout.m; sourceTree = "<group>"; };
		04360F101E8CBB9200C40166 /* ClassListCollectionCell.h */ = {isa = PBXFileReference; fileEncoding = 4; lastKnownFileType = sourcecode.c.h; path = ClassListCollectionCell.h; sourceTree = "<group>"; };
		04360F111E8CBB9200C40166 /* ClassListCollectionCell.m */ = {isa = PBXFileReference; fileEncoding = 4; lastKnownFileType = sourcecode.c.objc; path = ClassListCollectionCell.m; sourceTree = "<group>"; };
		04360F151E8CBBA000C40166 /* ClassModel.h */ = {isa = PBXFileReference; fileEncoding = 4; lastKnownFileType = sourcecode.c.h; path = ClassModel.h; sourceTree = "<group>"; };
		04360F161E8CBBA000C40166 /* ClassModel.m */ = {isa = PBXFileReference; fileEncoding = 4; lastKnownFileType = sourcecode.c.objc; path = ClassModel.m; sourceTree = "<group>"; };
		04360F181E8CBBAF00C40166 /* NSObject+JMProperty.h */ = {isa = PBXFileReference; fileEncoding = 4; lastKnownFileType = sourcecode.c.h; path = "NSObject+JMProperty.h"; sourceTree = "<group>"; };
		04360F191E8CBBAF00C40166 /* NSObject+JMProperty.m */ = {isa = PBXFileReference; fileEncoding = 4; lastKnownFileType = sourcecode.c.objc; path = "NSObject+JMProperty.m"; sourceTree = "<group>"; };
		04360F1B1E8CBBD700C40166 /* JMSegmentBar.h */ = {isa = PBXFileReference; fileEncoding = 4; lastKnownFileType = sourcecode.c.h; path = JMSegmentBar.h; sourceTree = "<group>"; };
		04360F1C1E8CBBD700C40166 /* JMSegmentBar.m */ = {isa = PBXFileReference; fileEncoding = 4; lastKnownFileType = sourcecode.c.objc; path = JMSegmentBar.m; sourceTree = "<group>"; };
		04B6C3FA1E8CBCC00073C215 /* ClassController.h */ = {isa = PBXFileReference; fileEncoding = 4; lastKnownFileType = sourcecode.c.h; path = ClassController.h; sourceTree = "<group>"; };
		04B6C3FB1E8CBCC00073C215 /* ClassController.m */ = {isa = PBXFileReference; fileEncoding = 4; lastKnownFileType = sourcecode.c.objc; path = ClassController.m; sourceTree = "<group>"; };
		F56EE7321E66BE8800C2FE3F /* LivDownload-Bridging-Header.h */ = {isa = PBXFileReference; fileEncoding = 4; lastKnownFileType = sourcecode.c.h; path = "LivDownload-Bridging-Header.h"; sourceTree = "<group>"; };
		F56EE9161E66D60200C2FE3F /* LivDownload.pch */ = {isa = PBXFileReference; lastKnownFileType = sourcecode.c.h; path = LivDownload.pch; sourceTree = "<group>"; };
/* End PBXFileReference section */

/* Begin PBXFrameworksBuildPhase section */
		0425D1EA1E5FD74900F759B7 /* Frameworks */ = {
			isa = PBXFrameworksBuildPhase;
			buildActionMask = 2147483647;
			files = (
			);
			runOnlyForDeploymentPostprocessing = 0;
		};
		0425D2031E5FD74900F759B7 /* Frameworks */ = {
			isa = PBXFrameworksBuildPhase;
			buildActionMask = 2147483647;
			files = (
			);
			runOnlyForDeploymentPostprocessing = 0;
		};
/* End PBXFrameworksBuildPhase section */

/* Begin PBXGroup section */
		0425D1E41E5FD74900F759B7 = {
			isa = PBXGroup;
			children = (
				0425D1EF1E5FD74900F759B7 /* LivDownload */,
				0425D2091E5FD74900F759B7 /* LivDownloadTests */,
				0425D1EE1E5FD74900F759B7 /* Products */,
			);
			sourceTree = "<group>";
		};
		0425D1EE1E5FD74900F759B7 /* Products */ = {
			isa = PBXGroup;
			children = (
				0425D1ED1E5FD74900F759B7 /* LivDownload.app */,
				0425D2061E5FD74900F759B7 /* LivDownloadTests.xctest */,
			);
			name = Products;
			sourceTree = "<group>";
		};
		0425D1EF1E5FD74900F759B7 /* LivDownload */ = {
			isa = PBXGroup;
			children = (
				0425D2151E5FD80000F759B7 /* Class */,
				0425D1F31E5FD74900F759B7 /* AppDelegate.h */,
				0425D1F41E5FD74900F759B7 /* AppDelegate.m */,
				F56EE7321E66BE8800C2FE3F /* LivDownload-Bridging-Header.h */,
				0425D1F91E5FD74900F759B7 /* Main.storyboard */,
				0425D1FC1E5FD74900F759B7 /* Assets.xcassets */,
				0425D1FE1E5FD74900F759B7 /* LaunchScreen.storyboard */,
				0425D2011E5FD74900F759B7 /* Info.plist */,
				0425D1F01E5FD74900F759B7 /* Supporting Files */,
				F56EE9161E66D60200C2FE3F /* LivDownload.pch */,
			);
			path = LivDownload;
			sourceTree = "<group>";
		};
		0425D1F01E5FD74900F759B7 /* Supporting Files */ = {
			isa = PBXGroup;
			children = (
				0425D1F11E5FD74900F759B7 /* main.m */,
			);
			name = "Supporting Files";
			sourceTree = "<group>";
		};
		0425D2091E5FD74900F759B7 /* LivDownloadTests */ = {
			isa = PBXGroup;
			children = (
				0425D20A1E5FD74900F759B7 /* LivDownloadTests.m */,
				0425D20C1E5FD74900F759B7 /* Info.plist */,
			);
			path = LivDownloadTests;
			sourceTree = "<group>";
		};
		0425D2151E5FD80000F759B7 /* Class */ = {
			isa = PBXGroup;
			children = (
				04360E6B1E8CB4D400C40166 /* Modules */,
				04360E5B1E8CB1D800C40166 /* Tools */,
				04360DF31E8CB1D000C40166 /* Lib */,
				04360DC01E8CB1C600C40166 /* Drawboard */,
				04360DA31E8CB1BD00C40166 /* Category */,
			);
			path = Class;
			sourceTree = "<group>";
		};
		04360DA31E8CB1BD00C40166 /* Category */ = {
			isa = PBXGroup;
			children = (
				04360F181E8CBBAF00C40166 /* NSObject+JMProperty.h */,
				04360F191E8CBBAF00C40166 /* NSObject+JMProperty.m */,
				04360ECE1E8CB9DF00C40166 /* UINavigationBar+JMNavigationBar.h */,
				04360ECF1E8CB9DF00C40166 /* UINavigationBar+JMNavigationBar.m */,
				04360ED01E8CB9DF00C40166 /* UIAlertController+JMAlertController.h */,
				04360ED11E8CB9DF00C40166 /* UIAlertController+JMAlertController.m */,
				04360DA41E8CB1BD00C40166 /* NSObject+PYThemeExtension.h */,
				04360DA51E8CB1BD00C40166 /* NSObject+PYThemeExtension.m */,
				04360DA61E8CB1BD00C40166 /* UIImage+JMImage.h */,
				04360DA71E8CB1BD00C40166 /* UIImage+JMImage.m */,
				04360DA81E8CB1BD00C40166 /* UIImage+MetaImage.h */,
				04360DA91E8CB1BD00C40166 /* UIImage+MetaImage.m */,
				04360DAA1E8CB1BD00C40166 /* UIView+Extension.h */,
				04360DAB1E8CB1BD00C40166 /* UIView+Extension.m */,
			);
			path = Category;
			sourceTree = "<group>";
		};
		04360DC01E8CB1C600C40166 /* Drawboard */ = {
			isa = PBXGroup;
			children = (
				04360DC11E8CB1C600C40166 /* DrawingModel */,
				04360DD11E8CB1C600C40166 /* LivePlayback */,
				04360DD51E8CB1C600C40166 /* PageView.swift */,
				04360DD61E8CB1C600C40166 /* PageViewController.swift */,
				04360DD71E8CB1C600C40166 /* ToolBarStatusDelegate.h */,
				04360DD81E8CB1C600C40166 /* ViewDrawer.swift */,
				04360DD91E8CB1C600C40166 /* WebsocketMessageUIDelegate.swift */,
			);
			path = Drawboard;
			sourceTree = "<group>";
		};
		04360DC11E8CB1C600C40166 /* DrawingModel */ = {
			isa = PBXGroup;
			children = (
				04360DC21E8CB1C600C40166 /* icon */,
				04360DC61E8CB1C600C40166 /* PageProperty.swift */,
				04360DC71E8CB1C600C40166 /* path */,
				04360DCC1E8CB1C600C40166 /* ScaleRatio.swift */,
				04360DCD1E8CB1C600C40166 /* text */,
			);
			path = DrawingModel;
			sourceTree = "<group>";
		};
		04360DC21E8CB1C600C40166 /* icon */ = {
			isa = PBXGroup;
			children = (
				04360DC31E8CB1C600C40166 /* Icon.swift */,
				04360DC41E8CB1C600C40166 /* Sicon.swift */,
				04360DC51E8CB1C600C40166 /* SiconExt.swift */,
			);
			path = icon;
			sourceTree = "<group>";
		};
		04360DC71E8CB1C600C40166 /* path */ = {
			isa = PBXGroup;
			children = (
				04360DC81E8CB1C600C40166 /* Path.swift */,
				04360DC91E8CB1C600C40166 /* Point.swift */,
				04360DCA1E8CB1C600C40166 /* Polyline.swift */,
				04360DCB1E8CB1C600C40166 /* Properties.swift */,
			);
			path = path;
			sourceTree = "<group>";
		};
		04360DCD1E8CB1C600C40166 /* text */ = {
			isa = PBXGroup;
			children = (
				04360DCE1E8CB1C600C40166 /* Stext.swift */,
				04360DCF1E8CB1C600C40166 /* StextExt.swift */,
				04360DD01E8CB1C600C40166 /* Text.swift */,
			);
			path = text;
			sourceTree = "<group>";
		};
		04360DD11E8CB1C600C40166 /* LivePlayback */ = {
			isa = PBXGroup;
			children = (
				04360DD21E8CB1C600C40166 /* LivePlaybackDelegate.swift */,
				04360DD31E8CB1C600C40166 /* LivePlaybackReader.swift */,
				04360DD41E8CB1C600C40166 /* LivePlaybackViewController.swift */,
			);
			path = LivePlayback;
			sourceTree = "<group>";
		};
		04360DF31E8CB1D000C40166 /* Lib */ = {
			isa = PBXGroup;
			children = (
				04360EDA1E8CBA1900C40166 /* SDWebImage */,
				04360DF41E8CB1D000C40166 /* AFNetworking */,
				04360E021E8CB1D000C40166 /* AudioPlayAndRecord */,
				04360E081E8CB1D000C40166 /* JSon */,
				04360E111E8CB1D000C40166 /* Masonry */,
				04360E2B1E8CB1D000C40166 /* Reader */,
				04360E301E8CB1D000C40166 /* Video */,
			);
			path = Lib;
			sourceTree = "<group>";
		};
		04360DF41E8CB1D000C40166 /* AFNetworking */ = {
			isa = PBXGroup;
			children = (
				04360DF51E8CB1D000C40166 /* AFHTTPSessionManager.h */,
				04360DF61E8CB1D000C40166 /* AFHTTPSessionManager.m */,
				04360DF71E8CB1D000C40166 /* AFNetworking.h */,
				04360DF81E8CB1D000C40166 /* AFNetworkReachabilityManager.h */,
				04360DF91E8CB1D000C40166 /* AFNetworkReachabilityManager.m */,
				04360DFA1E8CB1D000C40166 /* AFSecurityPolicy.h */,
				04360DFB1E8CB1D000C40166 /* AFSecurityPolicy.m */,
				04360DFC1E8CB1D000C40166 /* AFURLRequestSerialization.h */,
				04360DFD1E8CB1D000C40166 /* AFURLRequestSerialization.m */,
				04360DFE1E8CB1D000C40166 /* AFURLResponseSerialization.h */,
				04360DFF1E8CB1D000C40166 /* AFURLResponseSerialization.m */,
				04360E001E8CB1D000C40166 /* AFURLSessionManager.h */,
				04360E011E8CB1D000C40166 /* AFURLSessionManager.m */,
			);
			path = AFNetworking;
			sourceTree = "<group>";
		};
		04360E021E8CB1D000C40166 /* AudioPlayAndRecord */ = {
			isa = PBXGroup;
			children = (
				04360E031E8CB1D000C40166 /* AudioTool */,
			);
			path = AudioPlayAndRecord;
			sourceTree = "<group>";
		};
		04360E031E8CB1D000C40166 /* AudioTool */ = {
			isa = PBXGroup;
			children = (
				04360E041E8CB1D000C40166 /* OPAudioMangerTool.h */,
				04360E051E8CB1D000C40166 /* OPAudioMangerTool.m */,
				04360E061E8CB1D000C40166 /* OPAVPlayer.h */,
				04360E071E8CB1D000C40166 /* OPAVPlayer.m */,
			);
			path = AudioTool;
			sourceTree = "<group>";
		};
		04360E081E8CB1D000C40166 /* JSon */ = {
			isa = PBXGroup;
			children = (
				04360E091E8CB1D000C40166 /* Decoder.swift */,
				04360E0A1E8CB1D000C40166 /* Encoder.swift */,
				04360E0B1E8CB1D000C40166 /* ExtensionArray.swift */,
				04360E0C1E8CB1D000C40166 /* ExtensionDictionary.swift */,
				04360E0D1E8CB1D000C40166 /* Gloss.h */,
				04360E0E1E8CB1D000C40166 /* Gloss.swift */,
				04360E0F1E8CB1D000C40166 /* Info.plist */,
				04360E101E8CB1D000C40166 /* Operators.swift */,
			);
			path = JSon;
			sourceTree = "<group>";
		};
		04360E111E8CB1D000C40166 /* Masonry */ = {
			isa = PBXGroup;
			children = (
				04360E121E8CB1D000C40166 /* MASCompositeConstraint.h */,
				04360E131E8CB1D000C40166 /* MASCompositeConstraint.m */,
				04360E141E8CB1D000C40166 /* MASConstraint+Private.h */,
				04360E151E8CB1D000C40166 /* MASConstraint.h */,
				04360E161E8CB1D000C40166 /* MASConstraint.m */,
				04360E171E8CB1D000C40166 /* MASConstraintMaker.h */,
				04360E181E8CB1D000C40166 /* MASConstraintMaker.m */,
				04360E191E8CB1D000C40166 /* MASLayoutConstraint.h */,
				04360E1A1E8CB1D000C40166 /* MASLayoutConstraint.m */,
				04360E1B1E8CB1D000C40166 /* Masonry.h */,
				04360E1C1E8CB1D000C40166 /* MASUtilities.h */,
				04360E1D1E8CB1D000C40166 /* MASViewAttribute.h */,
				04360E1E1E8CB1D000C40166 /* MASViewAttribute.m */,
				04360E1F1E8CB1D000C40166 /* MASViewConstraint.h */,
				04360E201E8CB1D000C40166 /* MASViewConstraint.m */,
				04360E211E8CB1D000C40166 /* NSArray+MASAdditions.h */,
				04360E221E8CB1D000C40166 /* NSArray+MASAdditions.m */,
				04360E231E8CB1D000C40166 /* NSArray+MASShorthandAdditions.h */,
				04360E241E8CB1D000C40166 /* NSLayoutConstraint+MASDebugAdditions.h */,
				04360E251E8CB1D000C40166 /* NSLayoutConstraint+MASDebugAdditions.m */,
				04360E261E8CB1D000C40166 /* View+MASAdditions.h */,
				04360E271E8CB1D000C40166 /* View+MASAdditions.m */,
				04360E281E8CB1D000C40166 /* View+MASShorthandAdditions.h */,
				04360E291E8CB1D000C40166 /* ViewController+MASAdditions.h */,
				04360E2A1E8CB1D000C40166 /* ViewController+MASAdditions.m */,
			);
			path = Masonry;
			sourceTree = "<group>";
		};
		04360E2B1E8CB1D000C40166 /* Reader */ = {
			isa = PBXGroup;
			children = (
				04360E2C1E8CB1D000C40166 /* AnnotationLayerDelegate.h */,
				04360E2D1E8CB1D000C40166 /* AnnotationLayerDelegate.m */,
				04360E2E1E8CB1D000C40166 /* SingleFingerDragDisabledUIView.h */,
				04360E2F1E8CB1D000C40166 /* SingleFingerDragDisabledUIView.m */,
			);
			path = Reader;
			sourceTree = "<group>";
		};
		04360E301E8CB1D000C40166 /* Video */ = {
			isa = PBXGroup;
			children = (
				04360E311E8CB1D000C40166 /* DIYButton.h */,
				04360E321E8CB1D000C40166 /* DIYButton.m */,
				04360E331E8CB1D000C40166 /* OPMediaManger.h */,
				04360E341E8CB1D000C40166 /* OPMediaManger.m */,
				04360E351E8CB1D000C40166 /* OPVideoPlayer.h */,
				04360E361E8CB1D000C40166 /* OPVideoPlayer.m */,
				04360E371E8CB1D000C40166 /* OPVideoVC.h */,
				04360E381E8CB1D000C40166 /* OPVideoVC.m */,
				04360E391E8CB1D000C40166 /* Slider.h */,
				04360E3A1E8CB1D000C40166 /* Slider.m */,
			);
			path = Video;
			sourceTree = "<group>";
		};
		04360E5B1E8CB1D800C40166 /* Tools */ = {
			isa = PBXGroup;
			children = (
				04360ED41E8CB9FB00C40166 /* JMGestureButton.h */,
				04360ED51E8CB9FB00C40166 /* JMGestureButton.m */,
				04360ED61E8CB9FB00C40166 /* UserDefaultTools.h */,
				04360ED71E8CB9FB00C40166 /* UserDefaultTools.m */,
				04360E681E8CB3F100C40166 /* PageShareBridgingUtils.h */,
				04360E691E8CB3F100C40166 /* PageShareBridgingUtils.m */,
				04360E5C1E8CB1D800C40166 /* Constants.swift */,
				04360E5D1E8CB1D800C40166 /* DrawingToolFactory.swift */,
				04360E5E1E8CB1D800C40166 /* FileManager.swift */,
				04360E621E8CB1D800C40166 /* UIUtils.swift */,
				04360E5F1E8CB1D800C40166 /* Helper */,
			);
			path = Tools;
			sourceTree = "<group>";
		};
		04360E5F1E8CB1D800C40166 /* Helper */ = {
			isa = PBXGroup;
			children = (
				04360E601E8CB1D800C40166 /* LivDownloadHelper.h */,
				04360E611E8CB1D800C40166 /* LivDownloadHelper.m */,
			);
			path = Helper;
			sourceTree = "<group>";
		};
		04360E6B1E8CB4D400C40166 /* Modules */ = {
			isa = PBXGroup;
			children = (
				04360E9B1E8CB4D400C40166 /* Main */,
				04360E971E8CB4D400C40166 /* Home */,
				04360E7C1E8CB4D400C40166 /* Draw */,
				04360E6C1E8CB4D400C40166 /* Download */,
				04360EA41E8CB4D400C40166 /* Mine */,
			);
			path = Modules;
			sourceTree = "<group>";
		};
		04360E6C1E8CB4D400C40166 /* Download */ = {
			isa = PBXGroup;
			children = (
				04360E6D1E8CB4D400C40166 /* Controller */,
				04360E721E8CB4D400C40166 /* Model */,
				04360E751E8CB4D400C40166 /* View */,
			);
			path = Download;
			sourceTree = "<group>";
		};
		04360E6D1E8CB4D400C40166 /* Controller */ = {
			isa = PBXGroup;
			children = (
				04360E6E1E8CB4D400C40166 /* DownloadController.h */,
				04360E6F1E8CB4D400C40166 /* DownloadController.m */,
				04360E701E8CB4D400C40166 /* LivViewController.h */,
				04360E711E8CB4D400C40166 /* LivViewController.m */,
			);
			path = Controller;
			sourceTree = "<group>";
		};
		04360E721E8CB4D400C40166 /* Model */ = {
			isa = PBXGroup;
			children = (
				04360E731E8CB4D400C40166 /* DownloadModel.h */,
				04360E741E8CB4D400C40166 /* DownloadModel.m */,
			);
			path = Model;
			sourceTree = "<group>";
		};
		04360E751E8CB4D400C40166 /* View */ = {
			isa = PBXGroup;
			children = (
				04360E761E8CB4D400C40166 /* DownloadCell.h */,
				04360E771E8CB4D400C40166 /* DownloadCell.m */,
				04360E781E8CB4D400C40166 /* DownloadCompleteCell.h */,
				04360E791E8CB4D400C40166 /* DownloadCompleteCell.m */,
				04360E7A1E8CB4D400C40166 /* SegmentControl.h */,
				04360E7B1E8CB4D400C40166 /* SegmentControl.m */,
			);
			path = View;
			sourceTree = "<group>";
		};
		04360E7C1E8CB4D400C40166 /* Draw */ = {
			isa = PBXGroup;
			children = (
				04360E821E8CB4D400C40166 /* Controller */,
				04360EC71E8CB6F500C40166 /* View */,
				04360EC61E8CB6F500C40166 /* Model */,
			);
			path = Draw;
			sourceTree = "<group>";
		};
		04360E821E8CB4D400C40166 /* Controller */ = {
			isa = PBXGroup;
			children = (
				04B6C3FA1E8CBCC00073C215 /* ClassController.h */,
				04B6C3FB1E8CBCC00073C215 /* ClassController.m */,
				04360E851E8CB4D400C40166 /* JMDrawController.h */,
				04360E861E8CB4D400C40166 /* JMDrawController.m */,
				04360ECB1E8CB91300C40166 /* JMContainerController.h */,
				04360ECC1E8CB91300C40166 /* JMContainerController.m */,
			);
			path = Controller;
			sourceTree = "<group>";
		};
		04360E971E8CB4D400C40166 /* Home */ = {
			isa = PBXGroup;
			children = (
				04360E981E8CB4D400C40166 /* Controller */,
				04360EC91E8CB75500C40166 /* View */,
				04360EC81E8CB75500C40166 /* Model */,
			);
			path = Home;
			sourceTree = "<group>";
		};
		04360E981E8CB4D400C40166 /* Controller */ = {
			isa = PBXGroup;
			children = (
				04360E991E8CB4D400C40166 /* HomeController.h */,
				04360E9A1E8CB4D400C40166 /* HomeController.m */,
			);
			path = Controller;
			sourceTree = "<group>";
		};
		04360E9B1E8CB4D400C40166 /* Main */ = {
			isa = PBXGroup;
			children = (
				04360E9C1E8CB4D400C40166 /* Controller */,
				04360EA11E8CB4D400C40166 /* View */,
				04360ECA1E8CB76200C40166 /* Model */,
			);
			path = Main;
			sourceTree = "<group>";
		};
		04360E9C1E8CB4D400C40166 /* Controller */ = {
			isa = PBXGroup;
			children = (
				04360E9D1E8CB4D400C40166 /* DownloadNavController.h */,
				04360E9E1E8CB4D400C40166 /* DownloadNavController.m */,
				04360E9F1E8CB4D400C40166 /* ViewController.h */,
				04360EA01E8CB4D400C40166 /* ViewController.m */,
			);
			path = Controller;
			sourceTree = "<group>";
		};
		04360EA11E8CB4D400C40166 /* View */ = {
			isa = PBXGroup;
			children = (
				04360EA21E8CB4D400C40166 /* DownloadTabbar.h */,
				04360EA31E8CB4D400C40166 /* DownloadTabbar.m */,
			);
			path = View;
			sourceTree = "<group>";
		};
		04360EA41E8CB4D400C40166 /* Mine */ = {
			isa = PBXGroup;
			children = (
				04360EA51E8CB4D400C40166 /* Controller */,
				04360EA81E8CB4D400C40166 /* Model */,
				04360EAB1E8CB4D400C40166 /* View */,
			);
			path = Mine;
			sourceTree = "<group>";
		};
		04360EA51E8CB4D400C40166 /* Controller */ = {
			isa = PBXGroup;
			children = (
				04360EA61E8CB4D400C40166 /* MineViewController.h */,
				04360EA71E8CB4D400C40166 /* MineViewController.m */,
			);
			path = Controller;
			sourceTree = "<group>";
		};
		04360EA81E8CB4D400C40166 /* Model */ = {
			isa = PBXGroup;
			children = (
				04360EA91E8CB4D400C40166 /* MineModel.h */,
				04360EAA1E8CB4D400C40166 /* MineModel.m */,
			);
			path = Model;
			sourceTree = "<group>";
		};
		04360EAB1E8CB4D400C40166 /* View */ = {
			isa = PBXGroup;
			children = (
				04360EAC1E8CB4D400C40166 /* MineCell.h */,
				04360EAD1E8CB4D400C40166 /* MineCell.m */,
			);
			path = View;
			sourceTree = "<group>";
		};
		04360EC61E8CB6F500C40166 /* Model */ = {
			isa = PBXGroup;
			children = (
				04360F151E8CBBA000C40166 /* ClassModel.h */,
				04360F161E8CBBA000C40166 /* ClassModel.m */,
			);
			path = Model;
			sourceTree = "<group>";
		};
		04360EC71E8CB6F500C40166 /* View */ = {
			isa = PBXGroup;
			children = (
				04360F1B1E8CBBD700C40166 /* JMSegmentBar.h */,
				04360F1C1E8CBBD700C40166 /* JMSegmentBar.m */,
				04360F0C1E8CBB9200C40166 /* ClassCollectionReusableView.h */,
				04360F0D1E8CBB9200C40166 /* ClassCollectionReusableView.m */,
				04360F0E1E8CBB9200C40166 /* ClassCollectionViewFlowLayout.h */,
				04360F0F1E8CBB9200C40166 /* ClassCollectionViewFlowLayout.m */,
				04360F101E8CBB9200C40166 /* ClassListCollectionCell.h */,
				04360F111E8CBB9200C40166 /* ClassListCollectionCell.m */,
			);
			path = View;
			sourceTree = "<group>";
		};
		04360EC81E8CB75500C40166 /* Model */ = {
			isa = PBXGroup;
			children = (
			);
			path = Model;
			sourceTree = "<group>";
		};
		04360EC91E8CB75500C40166 /* View */ = {
			isa = PBXGroup;
			children = (
			);
			path = View;
			sourceTree = "<group>";
		};
		04360ECA1E8CB76200C40166 /* Model */ = {
			isa = PBXGroup;
			children = (
			);
			path = Model;
			sourceTree = "<group>";
		};
		04360EDA1E8CBA1900C40166 /* SDWebImage */ = {
			isa = PBXGroup;
			children = (
				04360EDB1E8CBA1900C40166 /* MKAnnotationView+WebCache.h */,
				04360EDC1E8CBA1900C40166 /* MKAnnotationView+WebCache.m */,
				04360EDD1E8CBA1900C40166 /* NSData+ImageContentType.h */,
				04360EDE1E8CBA1900C40166 /* NSData+ImageContentType.m */,
				04360EDF1E8CBA1900C40166 /* SDImageCache.h */,
				04360EE01E8CBA1900C40166 /* SDImageCache.m */,
				04360EE11E8CBA1900C40166 /* SDWebImageCompat.h */,
				04360EE21E8CBA1900C40166 /* SDWebImageCompat.m */,
				04360EE31E8CBA1900C40166 /* SDWebImageDecoder.h */,
				04360EE41E8CBA1900C40166 /* SDWebImageDecoder.m */,
				04360EE51E8CBA1900C40166 /* SDWebImageDownloader.h */,
				04360EE61E8CBA1900C40166 /* SDWebImageDownloader.m */,
				04360EE71E8CBA1900C40166 /* SDWebImageDownloaderOperation.h */,
				04360EE81E8CBA1900C40166 /* SDWebImageDownloaderOperation.m */,
				04360EE91E8CBA1900C40166 /* SDWebImageManager.h */,
				04360EEA1E8CBA1900C40166 /* SDWebImageManager.m */,
				04360EEB1E8CBA1900C40166 /* SDWebImageOperation.h */,
				04360EEC1E8CBA1900C40166 /* SDWebImagePrefetcher.h */,
				04360EED1E8CBA1900C40166 /* SDWebImagePrefetcher.m */,
				04360EEE1E8CBA1900C40166 /* UIButton+WebCache.h */,
				04360EEF1E8CBA1900C40166 /* UIButton+WebCache.m */,
				04360EF01E8CBA1900C40166 /* UIImage+GIF.h */,
				04360EF11E8CBA1900C40166 /* UIImage+GIF.m */,
				04360EF21E8CBA1900C40166 /* UIImage+MultiFormat.h */,
				04360EF31E8CBA1900C40166 /* UIImage+MultiFormat.m */,
				04360EF41E8CBA1900C40166 /* UIImage+WebP.h */,
				04360EF51E8CBA1900C40166 /* UIImage+WebP.m */,
				04360EF61E8CBA1900C40166 /* UIImageView+HighlightedWebCache.h */,
				04360EF71E8CBA1900C40166 /* UIImageView+HighlightedWebCache.m */,
				04360EF81E8CBA1900C40166 /* UIImageView+WebCache.h */,
				04360EF91E8CBA1900C40166 /* UIImageView+WebCache.m */,
				04360EFA1E8CBA1900C40166 /* UIView+WebCacheOperation.h */,
				04360EFB1E8CBA1900C40166 /* UIView+WebCacheOperation.m */,
			);
			path = SDWebImage;
			sourceTree = "<group>";
		};
/* End PBXGroup section */

/* Begin PBXNativeTarget section */
		0425D1EC1E5FD74900F759B7 /* LivDownload */ = {
			isa = PBXNativeTarget;
			buildConfigurationList = 0425D20F1E5FD74900F759B7 /* Build configuration list for PBXNativeTarget "LivDownload" */;
			buildPhases = (
				0425D1E91E5FD74900F759B7 /* Sources */,
				0425D1EA1E5FD74900F759B7 /* Frameworks */,
				0425D1EB1E5FD74900F759B7 /* Resources */,
			);
			buildRules = (
			);
			dependencies = (
			);
			name = LivDownload;
			productName = LivDownload;
			productReference = 0425D1ED1E5FD74900F759B7 /* LivDownload.app */;
			productType = "com.apple.product-type.application";
		};
		0425D2051E5FD74900F759B7 /* LivDownloadTests */ = {
			isa = PBXNativeTarget;
			buildConfigurationList = 0425D2121E5FD74900F759B7 /* Build configuration list for PBXNativeTarget "LivDownloadTests" */;
			buildPhases = (
				0425D2021E5FD74900F759B7 /* Sources */,
				0425D2031E5FD74900F759B7 /* Frameworks */,
				0425D2041E5FD74900F759B7 /* Resources */,
			);
			buildRules = (
			);
			dependencies = (
				0425D2081E5FD74900F759B7 /* PBXTargetDependency */,
			);
			name = LivDownloadTests;
			productName = LivDownloadTests;
			productReference = 0425D2061E5FD74900F759B7 /* LivDownloadTests.xctest */;
			productType = "com.apple.product-type.bundle.unit-test";
		};
/* End PBXNativeTarget section */

/* Begin PBXProject section */
		0425D1E51E5FD74900F759B7 /* Project object */ = {
			isa = PBXProject;
			attributes = {
				LastUpgradeCheck = 0820;
				ORGANIZATIONNAME = yijia;
				TargetAttributes = {
					0425D1EC1E5FD74900F759B7 = {
						CreatedOnToolsVersion = 8.2.1;
						DevelopmentTeam = 5ATA948SQL;
						LastSwiftMigration = 0820;
						ProvisioningStyle = Automatic;
					};
					0425D2051E5FD74900F759B7 = {
						CreatedOnToolsVersion = 8.2.1;
						DevelopmentTeam = 5ATA948SQL;
						ProvisioningStyle = Automatic;
						TestTargetID = 0425D1EC1E5FD74900F759B7;
					};
				};
			};
			buildConfigurationList = 0425D1E81E5FD74900F759B7 /* Build configuration list for PBXProject "LivDownload" */;
			compatibilityVersion = "Xcode 3.2";
			developmentRegion = English;
			hasScannedForEncodings = 0;
			knownRegions = (
				en,
				Base,
			);
			mainGroup = 0425D1E41E5FD74900F759B7;
			productRefGroup = 0425D1EE1E5FD74900F759B7 /* Products */;
			projectDirPath = "";
			projectRoot = "";
			targets = (
				0425D1EC1E5FD74900F759B7 /* LivDownload */,
				0425D2051E5FD74900F759B7 /* LivDownloadTests */,
			);
		};
/* End PBXProject section */

/* Begin PBXResourcesBuildPhase section */
		0425D1EB1E5FD74900F759B7 /* Resources */ = {
			isa = PBXResourcesBuildPhase;
			buildActionMask = 2147483647;
			files = (
				04360E481E8CB1D000C40166 /* Info.plist in Resources */,
				0425D2001E5FD74900F759B7 /* LaunchScreen.storyboard in Resources */,
				0425D1FD1E5FD74900F759B7 /* Assets.xcassets in Resources */,
				0425D1FB1E5FD74900F759B7 /* Main.storyboard in Resources */,
			);
			runOnlyForDeploymentPostprocessing = 0;
		};
		0425D2041E5FD74900F759B7 /* Resources */ = {
			isa = PBXResourcesBuildPhase;
			buildActionMask = 2147483647;
			files = (
			);
			runOnlyForDeploymentPostprocessing = 0;
		};
/* End PBXResourcesBuildPhase section */

/* Begin PBXSourcesBuildPhase section */
		0425D1E91E5FD74900F759B7 /* Sources */ = {
			isa = PBXSourcesBuildPhase;
			buildActionMask = 2147483647;
			files = (
				04360EC11E8CB4D400C40166 /* ViewController.m in Sources */,
				04360E3D1E8CB1D000C40166 /* AFSecurityPolicy.m in Sources */,
				04360DAE1E8CB1BD00C40166 /* UIImage+MetaImage.m in Sources */,
				04360F031E8CBA1900C40166 /* SDWebImageManager.m in Sources */,
				04360EC41E8CB4D400C40166 /* MineModel.m in Sources */,
				04360DE81E8CB1C600C40166 /* ScaleRatio.swift in Sources */,
				04360DAF1E8CB1BD00C40166 /* UIView+Extension.m in Sources */,
				04360EC01E8CB4D400C40166 /* DownloadNavController.m in Sources */,
				04360E6A1E8CB3F100C40166 /* PageShareBridgingUtils.m in Sources */,
				04360E451E8CB1D000C40166 /* ExtensionArray.swift in Sources */,
				04360F141E8CBB9200C40166 /* ClassListCollectionCell.m in Sources */,
				04360EBF1E8CB4D400C40166 /* HomeController.m in Sources */,
				04360E561E8CB1D000C40166 /* DIYButton.m in Sources */,
				04360E491E8CB1D000C40166 /* Operators.swift in Sources */,
				04360E441E8CB1D000C40166 /* Encoder.swift in Sources */,
				04360DEC1E8CB1C600C40166 /* LivePlaybackDelegate.swift in Sources */,
				04360ED81E8CB9FB00C40166 /* JMGestureButton.m in Sources */,
				04360EC31E8CB4D400C40166 /* MineViewController.m in Sources */,
				04360E671E8CB1D800C40166 /* UIUtils.swift in Sources */,
				04360EC21E8CB4D400C40166 /* DownloadTabbar.m in Sources */,
				04360E3F1E8CB1D000C40166 /* AFURLResponseSerialization.m in Sources */,
				04360DEE1E8CB1C600C40166 /* LivePlaybackViewController.swift in Sources */,
				04360EFD1E8CBA1900C40166 /* NSData+ImageContentType.m in Sources */,
				04360EB01E8CB4D400C40166 /* DownloadModel.m in Sources */,
				04360E651E8CB1D800C40166 /* FileManager.swift in Sources */,
				04360E551E8CB1D000C40166 /* SingleFingerDragDisabledUIView.m in Sources */,
				04360DF11E8CB1C600C40166 /* ViewDrawer.swift in Sources */,
				04360E571E8CB1D000C40166 /* OPMediaManger.m in Sources */,
				04360E641E8CB1D800C40166 /* DrawingToolFactory.swift in Sources */,
				04360EB31E8CB4D400C40166 /* SegmentControl.m in Sources */,
				0425D1F51E5FD74900F759B7 /* AppDelegate.m in Sources */,
				04360EB71E8CB4D400C40166 /* JMDrawController.m in Sources */,
				04360F001E8CBA1900C40166 /* SDWebImageDecoder.m in Sources */,
				04360E581E8CB1D000C40166 /* OPVideoPlayer.m in Sources */,
				04360F081E8CBA1900C40166 /* UIImage+WebP.m in Sources */,
				04360DE31E8CB1C600C40166 /* PageProperty.swift in Sources */,
				04360ED21E8CB9DF00C40166 /* UINavigationBar+JMNavigationBar.m in Sources */,
				04360F1A1E8CBBAF00C40166 /* NSObject+JMProperty.m in Sources */,
				04360F051E8CBA1900C40166 /* UIButton+WebCache.m in Sources */,
				04360F1D1E8CBBD700C40166 /* JMSegmentBar.m in Sources */,
				04360F131E8CBB9200C40166 /* ClassCollectionViewFlowLayout.m in Sources */,
				04360F171E8CBBA000C40166 /* ClassModel.m in Sources */,
				04360E3B1E8CB1D000C40166 /* AFHTTPSessionManager.m in Sources */,
				04360E431E8CB1D000C40166 /* Decoder.swift in Sources */,
				04360F061E8CBA1900C40166 /* UIImage+GIF.m in Sources */,
				04360E531E8CB1D000C40166 /* ViewController+MASAdditions.m in Sources */,
				04360EAF1E8CB4D400C40166 /* LivViewController.m in Sources */,
				04360E631E8CB1D800C40166 /* Constants.swift in Sources */,
				04360E4B1E8CB1D000C40166 /* MASConstraint.m in Sources */,
				04360E4A1E8CB1D000C40166 /* MASCompositeConstraint.m in Sources */,
				04360EAE1E8CB4D400C40166 /* DownloadController.m in Sources */,
				04360DEB1E8CB1C600C40166 /* Text.swift in Sources */,
				04360E511E8CB1D000C40166 /* NSLayoutConstraint+MASDebugAdditions.m in Sources */,
				04360E591E8CB1D000C40166 /* OPVideoVC.m in Sources */,
				04360DE61E8CB1C600C40166 /* Polyline.swift in Sources */,
				04360E421E8CB1D000C40166 /* OPAVPlayer.m in Sources */,
				0425D1F21E5FD74900F759B7 /* main.m in Sources */,
				04360DF01E8CB1C600C40166 /* PageViewController.swift in Sources */,
				04360DE41E8CB1C600C40166 /* Path.swift in Sources */,
				04360E4F1E8CB1D000C40166 /* MASViewConstraint.m in Sources */,
				04360DEA1E8CB1C600C40166 /* StextExt.swift in Sources */,
				04360F0B1E8CBA1900C40166 /* UIView+WebCacheOperation.m in Sources */,
				04360F071E8CBA1900C40166 /* UIImage+MultiFormat.m in Sources */,
				04360DAD1E8CB1BD00C40166 /* UIImage+JMImage.m in Sources */,
				04360F091E8CBA1900C40166 /* UIImageView+HighlightedWebCache.m in Sources */,
				04B6C3FC1E8CBCC00073C215 /* ClassController.m in Sources */,
				04360EFC1E8CBA1900C40166 /* MKAnnotationView+WebCache.m in Sources */,
				04360E4C1E8CB1D000C40166 /* MASConstraintMaker.m in Sources */,
				04360E5A1E8CB1D000C40166 /* Slider.m in Sources */,
				04360EFE1E8CBA1900C40166 /* SDImageCache.m in Sources */,
				04360ED91E8CB9FB00C40166 /* UserDefaultTools.m in Sources */,
				04360E3C1E8CB1D000C40166 /* AFNetworkReachabilityManager.m in Sources */,
				04360E661E8CB1D800C40166 /* LivDownloadHelper.m in Sources */,
				04360DF21E8CB1C600C40166 /* WebsocketMessageUIDelegate.swift in Sources */,
				04360E501E8CB1D000C40166 /* NSArray+MASAdditions.m in Sources */,
				04360ECD1E8CB91300C40166 /* JMContainerController.m in Sources */,
				04360F121E8CBB9200C40166 /* ClassCollectionReusableView.m in Sources */,
				04360EFF1E8CBA1900C40166 /* SDWebImageCompat.m in Sources */,
				04360E521E8CB1D000C40166 /* View+MASAdditions.m in Sources */,
				04360DEF1E8CB1C600C40166 /* PageView.swift in Sources */,
				04360F021E8CBA1900C40166 /* SDWebImageDownloaderOperation.m in Sources */,
				04360EC51E8CB4D400C40166 /* MineCell.m in Sources */,
				04360F0A1E8CBA1900C40166 /* UIImageView+WebCache.m in Sources */,
				04360DE21E8CB1C600C40166 /* SiconExt.swift in Sources */,
				04360E471E8CB1D000C40166 /* Gloss.swift in Sources */,
				04360DAC1E8CB1BD00C40166 /* NSObject+PYThemeExtension.m in Sources */,
				04360DE11E8CB1C600C40166 /* Sicon.swift in Sources */,
				04360E461E8CB1D000C40166 /* ExtensionDictionary.swift in Sources */,
				04360DE71E8CB1C600C40166 /* Properties.swift in Sources */,
				04360E3E1E8CB1D000C40166 /* AFURLRequestSerialization.m in Sources */,
				04360EB21E8CB4D400C40166 /* DownloadCompleteCell.m in Sources */,
				04360E4E1E8CB1D000C40166 /* MASViewAttribute.m in Sources */,
				04360ED31E8CB9DF00C40166 /* UIAlertController+JMAlertController.m in Sources */,
				04360E401E8CB1D000C40166 /* AFURLSessionManager.m in Sources */,
				04360DE51E8CB1C600C40166 /* Point.swift in Sources */,
				04360F041E8CBA1900C40166 /* SDWebImagePrefetcher.m in Sources */,
				04360F011E8CBA1900C40166 /* SDWebImageDownloader.m in Sources */,
				04360DED1E8CB1C600C40166 /* LivePlaybackReader.swift in Sources */,
				04360E541E8CB1D000C40166 /* AnnotationLayerDelegate.m in Sources */,
				04360DE91E8CB1C600C40166 /* Stext.swift in Sources */,
				04360E4D1E8CB1D000C40166 /* MASLayoutConstraint.m in Sources */,
				04360E411E8CB1D000C40166 /* OPAudioMangerTool.m in Sources */,
				04360DE01E8CB1C600C40166 /* Icon.swift in Sources */,
				04360EB11E8CB4D400C40166 /* DownloadCell.m in Sources */,
			);
			runOnlyForDeploymentPostprocessing = 0;
		};
		0425D2021E5FD74900F759B7 /* Sources */ = {
			isa = PBXSourcesBuildPhase;
			buildActionMask = 2147483647;
			files = (
				0425D20B1E5FD74900F759B7 /* LivDownloadTests.m in Sources */,
			);
			runOnlyForDeploymentPostprocessing = 0;
		};
/* End PBXSourcesBuildPhase section */

/* Begin PBXTargetDependency section */
		0425D2081E5FD74900F759B7 /* PBXTargetDependency */ = {
			isa = PBXTargetDependency;
			target = 0425D1EC1E5FD74900F759B7 /* LivDownload */;
			targetProxy = 0425D2071E5FD74900F759B7 /* PBXContainerItemProxy */;
		};
/* End PBXTargetDependency section */

/* Begin PBXVariantGroup section */
		0425D1F91E5FD74900F759B7 /* Main.storyboard */ = {
			isa = PBXVariantGroup;
			children = (
				0425D1FA1E5FD74900F759B7 /* Base */,
			);
			name = Main.storyboard;
			sourceTree = "<group>";
		};
		0425D1FE1E5FD74900F759B7 /* LaunchScreen.storyboard */ = {
			isa = PBXVariantGroup;
			children = (
				0425D1FF1E5FD74900F759B7 /* Base */,
			);
			name = LaunchScreen.storyboard;
			sourceTree = "<group>";
		};
/* End PBXVariantGroup section */

/* Begin XCBuildConfiguration section */
		0425D20D1E5FD74900F759B7 /* Debug */ = {
			isa = XCBuildConfiguration;
			buildSettings = {
				ALWAYS_SEARCH_USER_PATHS = NO;
				CLANG_ANALYZER_NONNULL = YES;
				CLANG_CXX_LANGUAGE_STANDARD = "gnu++0x";
				CLANG_CXX_LIBRARY = "libc++";
				CLANG_ENABLE_MODULES = YES;
				CLANG_ENABLE_OBJC_ARC = YES;
				CLANG_WARN_BOOL_CONVERSION = YES;
				CLANG_WARN_CONSTANT_CONVERSION = YES;
				CLANG_WARN_DIRECT_OBJC_ISA_USAGE = YES_ERROR;
				CLANG_WARN_DOCUMENTATION_COMMENTS = YES;
				CLANG_WARN_EMPTY_BODY = YES;
				CLANG_WARN_ENUM_CONVERSION = YES;
				CLANG_WARN_INFINITE_RECURSION = YES;
				CLANG_WARN_INT_CONVERSION = YES;
				CLANG_WARN_OBJC_ROOT_CLASS = YES_ERROR;
				CLANG_WARN_SUSPICIOUS_MOVE = YES;
				CLANG_WARN_UNREACHABLE_CODE = YES;
				CLANG_WARN__DUPLICATE_METHOD_MATCH = YES;
				"CODE_SIGN_IDENTITY[sdk=iphoneos*]" = "iPhone Developer";
				COPY_PHASE_STRIP = NO;
				DEBUG_INFORMATION_FORMAT = dwarf;
				ENABLE_STRICT_OBJC_MSGSEND = YES;
				ENABLE_TESTABILITY = YES;
				GCC_C_LANGUAGE_STANDARD = gnu99;
				GCC_DYNAMIC_NO_PIC = NO;
				GCC_NO_COMMON_BLOCKS = YES;
				GCC_OPTIMIZATION_LEVEL = 0;
				GCC_PREPROCESSOR_DEFINITIONS = (
					"DEBUG=1",
					"$(inherited)",
				);
				GCC_WARN_64_TO_32_BIT_CONVERSION = YES;
				GCC_WARN_ABOUT_RETURN_TYPE = YES_ERROR;
				GCC_WARN_UNDECLARED_SELECTOR = YES;
				GCC_WARN_UNINITIALIZED_AUTOS = YES_AGGRESSIVE;
				GCC_WARN_UNUSED_FUNCTION = YES;
				GCC_WARN_UNUSED_VARIABLE = YES;
				IPHONEOS_DEPLOYMENT_TARGET = 10.2;
				MTL_ENABLE_DEBUG_INFO = YES;
				ONLY_ACTIVE_ARCH = YES;
				SDKROOT = iphoneos;
			};
			name = Debug;
		};
		0425D20E1E5FD74900F759B7 /* Release */ = {
			isa = XCBuildConfiguration;
			buildSettings = {
				ALWAYS_SEARCH_USER_PATHS = NO;
				CLANG_ANALYZER_NONNULL = YES;
				CLANG_CXX_LANGUAGE_STANDARD = "gnu++0x";
				CLANG_CXX_LIBRARY = "libc++";
				CLANG_ENABLE_MODULES = YES;
				CLANG_ENABLE_OBJC_ARC = YES;
				CLANG_WARN_BOOL_CONVERSION = YES;
				CLANG_WARN_CONSTANT_CONVERSION = YES;
				CLANG_WARN_DIRECT_OBJC_ISA_USAGE = YES_ERROR;
				CLANG_WARN_DOCUMENTATION_COMMENTS = YES;
				CLANG_WARN_EMPTY_BODY = YES;
				CLANG_WARN_ENUM_CONVERSION = YES;
				CLANG_WARN_INFINITE_RECURSION = YES;
				CLANG_WARN_INT_CONVERSION = YES;
				CLANG_WARN_OBJC_ROOT_CLASS = YES_ERROR;
				CLANG_WARN_SUSPICIOUS_MOVE = YES;
				CLANG_WARN_UNREACHABLE_CODE = YES;
				CLANG_WARN__DUPLICATE_METHOD_MATCH = YES;
				"CODE_SIGN_IDENTITY[sdk=iphoneos*]" = "iPhone Developer";
				COPY_PHASE_STRIP = NO;
				DEBUG_INFORMATION_FORMAT = "dwarf-with-dsym";
				ENABLE_NS_ASSERTIONS = NO;
				ENABLE_STRICT_OBJC_MSGSEND = YES;
				GCC_C_LANGUAGE_STANDARD = gnu99;
				GCC_NO_COMMON_BLOCKS = YES;
				GCC_WARN_64_TO_32_BIT_CONVERSION = YES;
				GCC_WARN_ABOUT_RETURN_TYPE = YES_ERROR;
				GCC_WARN_UNDECLARED_SELECTOR = YES;
				GCC_WARN_UNINITIALIZED_AUTOS = YES_AGGRESSIVE;
				GCC_WARN_UNUSED_FUNCTION = YES;
				GCC_WARN_UNUSED_VARIABLE = YES;
				IPHONEOS_DEPLOYMENT_TARGET = 10.2;
				MTL_ENABLE_DEBUG_INFO = NO;
				SDKROOT = iphoneos;
				VALIDATE_PRODUCT = YES;
			};
			name = Release;
		};
		0425D2101E5FD74900F759B7 /* Debug */ = {
			isa = XCBuildConfiguration;
			buildSettings = {
				ASSETCATALOG_COMPILER_APPICON_NAME = AppIcon;
				CLANG_ENABLE_MODULES = YES;
				DEVELOPMENT_TEAM = 5ATA948SQL;
				GCC_PREFIX_HEADER = "$(PRODUCT_NAME)/$(PRODUCT_NAME).pch";
				INFOPLIST_FILE = LivDownload/Info.plist;
				LD_RUNPATH_SEARCH_PATHS = "$(inherited) @executable_path/Frameworks";
				PRODUCT_BUNDLE_IDENTIFIER = com.oneplus.LivDownload;
				PRODUCT_NAME = "$(TARGET_NAME)";
				SWIFT_OBJC_BRIDGING_HEADER = "$(PRODUCT_NAME)/$(PRODUCT_NAME)-Bridging-Header.h";
				SWIFT_OPTIMIZATION_LEVEL = "-Onone";
				SWIFT_VERSION = 3.0;
			};
			name = Debug;
		};
		0425D2111E5FD74900F759B7 /* Release */ = {
			isa = XCBuildConfiguration;
			buildSettings = {
				ASSETCATALOG_COMPILER_APPICON_NAME = AppIcon;
				CLANG_ENABLE_MODULES = YES;
				DEVELOPMENT_TEAM = 5ATA948SQL;
				GCC_PREFIX_HEADER = "$(PRODUCT_NAME)/$(PRODUCT_NAME).pch";
				INFOPLIST_FILE = LivDownload/Info.plist;
				LD_RUNPATH_SEARCH_PATHS = "$(inherited) @executable_path/Frameworks";
				PRODUCT_BUNDLE_IDENTIFIER = com.oneplus.LivDownload;
				PRODUCT_NAME = "$(TARGET_NAME)";
				SWIFT_OBJC_BRIDGING_HEADER = "$(PRODUCT_NAME)/$(PRODUCT_NAME)-Bridging-Header.h";
				SWIFT_VERSION = 3.0;
			};
			name = Release;
		};
		0425D2131E5FD74900F759B7 /* Debug */ = {
			isa = XCBuildConfiguration;
			buildSettings = {
				ALWAYS_EMBED_SWIFT_STANDARD_LIBRARIES = YES;
				BUNDLE_LOADER = "$(TEST_HOST)";
				DEVELOPMENT_TEAM = 5ATA948SQL;
				INFOPLIST_FILE = LivDownloadTests/Info.plist;
				LD_RUNPATH_SEARCH_PATHS = "$(inherited) @executable_path/Frameworks @loader_path/Frameworks";
				PRODUCT_BUNDLE_IDENTIFIER = com.oneplus.LivDownloadTests;
				PRODUCT_NAME = "$(TARGET_NAME)";
				TEST_HOST = "$(BUILT_PRODUCTS_DIR)/LivDownload.app/LivDownload";
			};
			name = Debug;
		};
		0425D2141E5FD74900F759B7 /* Release */ = {
			isa = XCBuildConfiguration;
			buildSettings = {
				ALWAYS_EMBED_SWIFT_STANDARD_LIBRARIES = YES;
				BUNDLE_LOADER = "$(TEST_HOST)";
				DEVELOPMENT_TEAM = 5ATA948SQL;
				INFOPLIST_FILE = LivDownloadTests/Info.plist;
				LD_RUNPATH_SEARCH_PATHS = "$(inherited) @executable_path/Frameworks @loader_path/Frameworks";
				PRODUCT_BUNDLE_IDENTIFIER = com.oneplus.LivDownloadTests;
				PRODUCT_NAME = "$(TARGET_NAME)";
				TEST_HOST = "$(BUILT_PRODUCTS_DIR)/LivDownload.app/LivDownload";
			};
			name = Release;
		};
/* End XCBuildConfiguration section */

/* Begin XCConfigurationList section */
		0425D1E81E5FD74900F759B7 /* Build configuration list for PBXProject "LivDownload" */ = {
			isa = XCConfigurationList;
			buildConfigurations = (
				0425D20D1E5FD74900F759B7 /* Debug */,
				0425D20E1E5FD74900F759B7 /* Release */,
			);
			defaultConfigurationIsVisible = 0;
			defaultConfigurationName = Release;
		};
		0425D20F1E5FD74900F759B7 /* Build configuration list for PBXNativeTarget "LivDownload" */ = {
			isa = XCConfigurationList;
			buildConfigurations = (
				0425D2101E5FD74900F759B7 /* Debug */,
				0425D2111E5FD74900F759B7 /* Release */,
			);
			defaultConfigurationIsVisible = 0;
			defaultConfigurationName = Release;
		};
		0425D2121E5FD74900F759B7 /* Build configuration list for PBXNativeTarget "LivDownloadTests" */ = {
			isa = XCConfigurationList;
			buildConfigurations = (
				0425D2131E5FD74900F759B7 /* Debug */,
				0425D2141E5FD74900F759B7 /* Release */,
			);
			defaultConfigurationIsVisible = 0;
			defaultConfigurationName = Release;
		};
/* End XCConfigurationList section */
	};
	rootObject = 0425D1E51E5FD74900F759B7 /* Project object */;
}
